// !$*UTF8*$!
{
	archiveVersion = 1;
	classes = {
	};
	objectVersion = 56;
	objects = {

/* Begin PBXBuildFile section */
		053967EF78BB7B14A4784118 /* StreakInsight.swift in Sources */ = {isa = PBXBuildFile; fileRef = 1D672486C798B4CC2DBFF322 /* StreakInsight.swift */; };
		096B78E3E88B87EA5E3E59B7 /* UserDefaultsReminderSettingsStore.swift in Sources */ = {isa = PBXBuildFile; fileRef = C1C20BEA552DE5FA2D6680E4 /* UserDefaultsReminderSettingsStore.swift */; };
		1319DD5B5051A8A4C9C10470 /* ReminderManager.swift in Sources */ = {isa = PBXBuildFile; fileRef = AA2A9BB90A0B40656AE57601 /* ReminderManager.swift */; };
		15FFC3DA90DB701D4E0E2632 /* StreakInsightManager.swift in Sources */ = {isa = PBXBuildFile; fileRef = FBAB63B4D20C32569B0BAE55 /* StreakInsightManager.swift */; };
		2FC28D69C78D5561F2B28F30 /* NotificationScheduling.swift in Sources */ = {isa = PBXBuildFile; fileRef = D35E3DCB24F352F1C7D834E8 /* NotificationScheduling.swift */; };
		3221E85D880F3E3F3CC7D7E5 /* StreakInsightEngine.swift in Sources */ = {isa = PBXBuildFile; fileRef = 8C2C893562EB1C321CF1B273 /* StreakInsightEngine.swift */; };
		3648450FC97396F2224840CD /* ReminderSettings.swift in Sources */ = {isa = PBXBuildFile; fileRef = 1797E6BA050E651155BE0B60 /* ReminderSettings.swift */; };
		47C7FEEF91D17CEB73589285 /* InsightsViewModel.swift in Sources */ = {isa = PBXBuildFile; fileRef = 09E4AAB15B1383604B747363 /* InsightsViewModel.swift */; };
		4DEA3FE741F1A4530712630B /* StreakReminderTests.swift in Sources */ = {isa = PBXBuildFile; fileRef = 73571B9E27145AED24F2D353 /* StreakReminderTests.swift */; };
		78215B553038AB4200DD8F99 /* NoteSyncCoordinator.swift in Sources */ = {isa = PBXBuildFile; fileRef = 78215B543038AB4200DD8F99 /* NoteSyncCoordinator.swift */; };
		78215B573038AB5000DD8F99 /* DomainEvents.swift in Sources */ = {isa = PBXBuildFile; fileRef = 78215B563038AB5000DD8F99 /* DomainEvents.swift */; };
		78421A37302C1C4E001B52A6 /* ScrollDetector.swift in Sources */ = {isa = PBXBuildFile; fileRef = 78421A36302C1C4C001B52A6 /* ScrollDetector.swift */; };
		787880CD303E260F004474C4 /* BreathingPathView.swift in Sources */ = {isa = PBXBuildFile; fileRef = 787880CC303E25FE004474C4 /* BreathingPathView.swift */; };
		787880D1303E84ED004474C4 /* meditation_started.wav in Resources */ = {isa = PBXBuildFile; fileRef = 787880D0303E84ED004474C4 /* meditation_started.wav */; };
		787880D3303E8744004474C4 /* meditation_finished.wav in Resources */ = {isa = PBXBuildFile; fileRef = 787880D2303E8744004474C4 /* meditation_finished.wav */; };
		787880D5303E883A004474C4 /* meditation_paused.wav in Resources */ = {isa = PBXBuildFile; fileRef = 787880D4303E883A004474C4 /* meditation_paused.wav */; };
		788513DC3033D32C0052F4BC /* NoteEditorViewModel.swift in Sources */ = {isa = PBXBuildFile; fileRef = 788513DB3033D32C0052F4BC /* NoteEditorViewModel.swift */; };
		788513DE3033D35D0052F4BC /* FloatingToolbar.swift in Sources */ = {isa = PBXBuildFile; fileRef = 788513DD3033D35D0052F4BC /* FloatingToolbar.swift */; };
		788513E03033D9250052F4BC /* NoteEditorView.swift in Sources */ = {isa = PBXBuildFile; fileRef = 788513DF3033D9250052F4BC /* NoteEditorView.swift */; };
		788956A2303201A80001D509 /* ThemeManager.swift in Sources */ = {isa = PBXBuildFile; fileRef = 788956A13032019E0001D509 /* ThemeManager.swift */; };
		788956A6303208330001D509 /* MeditateButtonComponents.swift in Sources */ = {isa = PBXBuildFile; fileRef = 788956A53032081E0001D509 /* MeditateButtonComponents.swift */; };
		789B7B0A3010417D0082F0CB /* MainTheme.swift in Sources */ = {isa = PBXBuildFile; fileRef = 789B7B093010417D0082F0CB /* MainTheme.swift */; };
		78DA4DAE3047B4A900A36E6A /* CustomTabBar.swift in Sources */ = {isa = PBXBuildFile; fileRef = 78DA4DAD3047B4A600A36E6A /* CustomTabBar.swift */; };
		78DF5423303F1CB200B1F2C3 /* meditation_resumed.wav in Resources */ = {isa = PBXBuildFile; fileRef = 78DF5422303F1CB200B1F2C3 /* meditation_resumed.wav */; };
		78DF54253040D09800B1F2C3 /* breath_inhale.wav in Resources */ = {isa = PBXBuildFile; fileRef = 78DF54243040D09800B1F2C3 /* breath_inhale.wav */; };
		78DF54273040D09E00B1F2C3 /* breath_exhale.wav in Resources */ = {isa = PBXBuildFile; fileRef = 78DF54263040D09E00B1F2C3 /* breath_exhale.wav */; };
		78DF54293040D0A300B1F2C3 /* breath_hold.wav in Resources */ = {isa = PBXBuildFile; fileRef = 78DF54283040D0A300B1F2C3 /* breath_hold.wav */; };
		78DF542B3040D34000B1F2C3 /* meditation_countdown.wav in Resources */ = {isa = PBXBuildFile; fileRef = 78DF542A3040D34000B1F2C3 /* meditation_countdown.wav */; };
		8BF4C46227BAE479017286E0 /* WeekdayHeatmapView.swift in Sources */ = {isa = PBXBuildFile; fileRef = 9DF1D116F571072F70488A4F /* WeekdayHeatmapView.swift */; };
		992C2F67A6302B0D79342F66 /* MeditationCompletionView.swift in Sources */ = {isa = PBXBuildFile; fileRef = 648FE2FCBB1DD6E50BB5E61E /* MeditationCompletionView.swift */; };
		AA0000012026082000000001 /* DailyActivity.swift in Sources */ = {isa = PBXBuildFile; fileRef = AA0000022026082000000001 /* DailyActivity.swift */; };
		AA00000220260903C00002 /* BreathingAnimationStyle.swift in Sources */ = {isa = PBXBuildFile; fileRef = AA00000220260903C00001 /* BreathingAnimationStyle.swift */; };
		AA00000220260903C00004 /* AnimationSettings.swift in Sources */ = {isa = PBXBuildFile; fileRef = AA00000220260903C00003 /* AnimationSettings.swift */; };
		AA00000220260903C00006 /* SettingsView.swift in Sources */ = {isa = PBXBuildFile; fileRef = AA00000220260903C00005 /* SettingsView.swift */; };
		AA00000220260903C00008 /* AnimationSettingsTests.swift in Sources */ = {isa = PBXBuildFile; fileRef = AA00000220260903C00007 /* AnimationSettingsTests.swift */; };
		AA0000032026082000000002 /* MeditationSession.swift in Sources */ = {isa = PBXBuildFile; fileRef = AA0000042026082000000002 /* MeditationSession.swift */; };
		AA0000072026082000000004 /* StreakTracker.swift in Sources */ = {isa = PBXBuildFile; fileRef = AA0000082026082000000004 /* StreakTracker.swift */; };
		AA0000092026082000000005 /* StreakHeaderView.swift in Sources */ = {isa = PBXBuildFile; fileRef = AA00000A2026082000000005 /* StreakHeaderView.swift */; };
		AA00000B2026082000000006 /* StreakDetailView.swift in Sources */ = {isa = PBXBuildFile; fileRef = AA00000C2026082000000006 /* StreakDetailView.swift */; };
		AA000011202608200000000C /* DayCellView.swift in Sources */ = {isa = PBXBuildFile; fileRef = AA000012202608200000000C /* DayCellView.swift */; };
		AA0000202026082100000001 /* StreakTrackerTests.swift in Sources */ = {isa = PBXBuildFile; fileRef = AA0000102026082000000008 /* StreakTrackerTests.swift */; };
		AA0000222026082600A10002 /* SoundPlayer.swift in Sources */ = {isa = PBXBuildFile; fileRef = AA0000212026082600A10001 /* SoundPlayer.swift */; };
		AA0000312026082700B10003 /* breath_hold_after_exhale.wav in Resources */ = {isa = PBXBuildFile; fileRef = AA0000302026082700B10002 /* breath_hold_after_exhale.wav */; };
		AA00010120260902C00001 /* SoundSettings.swift in Sources */ = {isa = PBXBuildFile; fileRef = AA00010020260902C00002 /* SoundSettings.swift */; };
		AA00012120260902C00003 /* SoundSettingsSheet.swift in Sources */ = {isa = PBXBuildFile; fileRef = AA00012020260902C00004 /* SoundSettingsSheet.swift */; };
		AA00014120260902C00005 /* SoundSettingsTests.swift in Sources */ = {isa = PBXBuildFile; fileRef = AA00014020260902C00006 /* SoundSettingsTests.swift */; };
		AA0003012026082200000002 /* MeditationDuration.swift in Sources */ = {isa = PBXBuildFile; fileRef = AA0003002026082200000001 /* MeditationDuration.swift */; };
		AA0003112026082200000004 /* SearchQuery.swift in Sources */ = {isa = PBXBuildFile; fileRef = AA0003102026082200000003 /* SearchQuery.swift */; };
		ADCF424E00CF12AEB7374BEA /* MeditationViewModelTests.swift in Sources */ = {isa = PBXBuildFile; fileRef = 2191349DA8C57C98F66164B8 /* MeditationViewModelTests.swift */; };
		C14230B1AABCB77064DE1389 /* ReminderSettingsTests.swift in Sources */ = {isa = PBXBuildFile; fileRef = 965AB13C80C9D60F37F232D7 /* ReminderSettingsTests.swift */; };
		CBD7ED78394EBA2ECBDB72A6 /* StreakInsightEngineTests.swift in Sources */ = {isa = PBXBuildFile; fileRef = 70119D3AECE1D5E2F27AEAF9 /* StreakInsightEngineTests.swift */; };
		CC0000012026082800000005 /* CoreDataManager.swift in Sources */ = {isa = PBXBuildFile; fileRef = CC0000012026082800000001 /* CoreDataManager.swift */; };
		CC0000022026082800000006 /* CoreDataNoteDataSource.swift in Sources */ = {isa = PBXBuildFile; fileRef = CC0000022026082800000002 /* CoreDataNoteDataSource.swift */; };
		CC0000032026082800000007 /* CoreDataSessionStore.swift in Sources */ = {isa = PBXBuildFile; fileRef = CC0000032026082800000003 /* CoreDataSessionStore.swift */; };
		CC0000042026082800000008 /* CoreDataStreakStore.swift in Sources */ = {isa = PBXBuildFile; fileRef = CC0000042026082800000004 /* CoreDataStreakStore.swift */; };
		DC587FE4027CE73A16A27FD0 /* InsightsSection.swift in Sources */ = {isa = PBXBuildFile; fileRef = AC3C8D0C08E6E9153624093E /* InsightsSection.swift */; };
		DD0000012026082800000005 /* CoreDataManagerTests.swift in Sources */ = {isa = PBXBuildFile; fileRef = DD0000012026082800000001 /* CoreDataManagerTests.swift */; };
		DD0000022026082800000006 /* CoreDataNoteDataSourceTests.swift in Sources */ = {isa = PBXBuildFile; fileRef = DD0000022026082800000002 /* CoreDataNoteDataSourceTests.swift */; };
		DD0000032026082800000007 /* CoreDataSessionStoreTests.swift in Sources */ = {isa = PBXBuildFile; fileRef = DD0000032026082800000003 /* CoreDataSessionStoreTests.swift */; };
		DD0000042026082800000008 /* CoreDataStreakStoreTests.swift in Sources */ = {isa = PBXBuildFile; fileRef = DD0000042026082800000004 /* CoreDataStreakStoreTests.swift */; };
		E2972A3FC4C853E0382811E2 /* ReminderSettingsSection.swift in Sources */ = {isa = PBXBuildFile; fileRef = 44A99826A1EEEB59657443E1 /* ReminderSettingsSection.swift */; };
		E320C3ED2E2D1AC9009452DD /* Destination.swift in Sources */ = {isa = PBXBuildFile; fileRef = E320C3EC2E2D1AC9009452DD /* Destination.swift */; };
		E320C3F12E2D1CD6009452DD /* Router.swift in Sources */ = {isa = PBXBuildFile; fileRef = E320C3F02E2D1CD6009452DD /* Router.swift */; };
		E320C3F32E2D1F67009452DD /* Config.swift in Sources */ = {isa = PBXBuildFile; fileRef = E320C3F22E2D1F67009452DD /* Config.swift */; };
		E320C3F52E2DC691009452DD /* Deeplink.swift in Sources */ = {isa = PBXBuildFile; fileRef = E320C3F42E2DC691009452DD /* Deeplink.swift */; };
		E320C3F72E2DC6D4009452DD /* DeepLinkParser.swift in Sources */ = {isa = PBXBuildFile; fileRef = E320C3F62E2DC6D4009452DD /* DeepLinkParser.swift */; };
		E320C3F92E2DC8E4009452DD /* Destination-ViewMapping.swift in Sources */ = {isa = PBXBuildFile; fileRef = E320C3F82E2DC8E4009452DD /* Destination-ViewMapping.swift */; };
		E32C6BBD2ED9C39F0093F735 /* NoteMenu.swift in Sources */ = {isa = PBXBuildFile; fileRef = E32C6BBC2ED9C39F0093F735 /* NoteMenu.swift */; };
		E32C6BBF2ED9C6600093F735 /* NoteMenuViewModel.swift in Sources */ = {isa = PBXBuildFile; fileRef = E32C6BBE2ED9C6600093F735 /* NoteMenuViewModel.swift */; };
		E32C6BC12ED9CD6D0093F735 /* SearchBar.swift in Sources */ = {isa = PBXBuildFile; fileRef = E32C6BC02ED9CD6D0093F735 /* SearchBar.swift */; };
		E32C6BC32ED9CEBB0093F735 /* SearchState.swift in Sources */ = {isa = PBXBuildFile; fileRef = E32C6BC22ED9CEBB0093F735 /* SearchState.swift */; };
		E34D18AD2E425A01004CCFA8 /* Breathing.swift in Sources */ = {isa = PBXBuildFile; fileRef = E34D18AC2E425A01004CCFA8 /* Breathing.swift */; };
		E34D18AF2E426346004CCFA8 /* TimeMeditationSheet.swift in Sources */ = {isa = PBXBuildFile; fileRef = E34D18AE2E426346004CCFA8 /* TimeMeditationSheet.swift */; };
		E34EE7682E3AFDCE0044CDC6 /* AppContainer.swift in Sources */ = {isa = PBXBuildFile; fileRef = E34EE7672E3AFDCE0044CDC6 /* AppContainer.swift */; };
		E35B6FBC2E44ECAF00B235AE /* ConcentricRing.swift in Sources */ = {isa = PBXBuildFile; fileRef = E35B6FBB2E44ECAF00B235AE /* ConcentricRing.swift */; };
		E361643F2E41048C00A5DCCF /* MeditationView.swift in Sources */ = {isa = PBXBuildFile; fileRef = E361643E2E41048C00A5DCCF /* MeditationView.swift */; };
		E36164412E41050F00A5DCCF /* MeditationViewModel.swift in Sources */ = {isa = PBXBuildFile; fileRef = E36164402E41050F00A5DCCF /* MeditationViewModel.swift */; };
		E36164432E410D3D00A5DCCF /* MeditationProgressView.swift in Sources */ = {isa = PBXBuildFile; fileRef = E36164422E410D3D00A5DCCF /* MeditationProgressView.swift */; };
		E361876F2D68B221000E326D /* MeditateAndNoteApp.swift in Sources */ = {isa = PBXBuildFile; fileRef = E361876E2D68B221000E326D /* MeditateAndNoteApp.swift */; };
		E36187732D68B223000E326D /* Assets.xcassets in Resources */ = {isa = PBXBuildFile; fileRef = E36187722D68B223000E326D /* Assets.xcassets */; };
		E36187762D68B223000E326D /* Preview Assets.xcassets in Resources */ = {isa = PBXBuildFile; fileRef = E36187752D68B223000E326D /* Preview Assets.xcassets */; };
		E361877F2D68B373000E326D /* MainView.swift in Sources */ = {isa = PBXBuildFile; fileRef = E361877E2D68B373000E326D /* MainView.swift */; };
		E36187812D68D021000E326D /* Note.swift in Sources */ = {isa = PBXBuildFile; fileRef = E36187802D68D021000E326D /* Note.swift */; };
		E36187862D68D0A5000E326D /* NoteCard.swift in Sources */ = {isa = PBXBuildFile; fileRef = E36187852D68D0A5000E326D /* NoteCard.swift */; };
		E36187892D68F928000E326D /* Extension+View.swift in Sources */ = {isa = PBXBuildFile; fileRef = E36187882D68F928000E326D /* Extension+View.swift */; };
		E361878F2D68FF88000E326D /* MainViewModel.swift in Sources */ = {isa = PBXBuildFile; fileRef = E361878E2D68FF88000E326D /* MainViewModel.swift */; };
		E36366292E3D0AB80026E810 /* MeditationCard.swift in Sources */ = {isa = PBXBuildFile; fileRef = E36366282E3D0AB80026E810 /* MeditationCard.swift */; };
		E36D33912ED33DCC0048B6AC /* RootContainer.swift in Sources */ = {isa = PBXBuildFile; fileRef = E36D33902ED33DCC0048B6AC /* RootContainer.swift */; };
		E3848D502E3BC9A0001BE8AB /* NotesRepository.swift in Sources */ = {isa = PBXBuildFile; fileRef = E3848D4F2E3BC9A0001BE8AB /* NotesRepository.swift */; };
		E3848D522E3BCA7F001BE8AB /* MeditationService.swift in Sources */ = {isa = PBXBuildFile; fileRef = E3848D512E3BCA7F001BE8AB /* MeditationService.swift */; };
		E3848D542E3BCAC4001BE8AB /* Meditation.swift in Sources */ = {isa = PBXBuildFile; fileRef = E3848D532E3BCAC4001BE8AB /* Meditation.swift */; };
		E3848D562E3BD098001BE8AB /* ContainerView.swift in Sources */ = {isa = PBXBuildFile; fileRef = E3848D552E3BD098001BE8AB /* ContainerView.swift */; };
		E389732B2D7918E700A9A662 /* MeditateSelectView.swift in Sources */ = {isa = PBXBuildFile; fileRef = E389732A2D7918E700A9A662 /* MeditateSelectView.swift */; };
		E389732D2D79191200A9A662 /* MeditateSelectViewModel.swift in Sources */ = {isa = PBXBuildFile; fileRef = E389732C2D79191200A9A662 /* MeditateSelectViewModel.swift */; };
		E398CE782EDE464000B96376 /* NoteManager.swift in Sources */ = {isa = PBXBuildFile; fileRef = E398CE772EDE464000B96376 /* NoteManager.swift */; };
		E3BAF8A62E293D340036E250 /* ReadingView.swift in Sources */ = {isa = PBXBuildFile; fileRef = E3BAF8A52E293D340036E250 /* ReadingView.swift */; };
		E3BAF8A92E2940380036E250 /* NavigationContainer.swift in Sources */ = {isa = PBXBuildFile; fileRef = E3BAF8A82E2940380036E250 /* NavigationContainer.swift */; };
		E3F0F1A12E4600000000AB11 /* NoteManagerTests.swift in Sources */ = {isa = PBXBuildFile; fileRef = E3F0F1A22E4600000000AB12 /* NoteManagerTests.swift */; };
		E3F0F1A62E5B00000000AB21 /* MeditationSessionEngine.swift in Sources */ = {isa = PBXBuildFile; fileRef = E3F0F1A72E5B00000000AB22 /* MeditationSessionEngine.swift */; };
		E3F0F1A82E5B00000000AB23 /* MeditationEngineTests.swift in Sources */ = {isa = PBXBuildFile; fileRef = E3F0F1A92E5B00000000AB24 /* MeditationEngineTests.swift */; };
		E3FDF77C2ED0CE0F00ACD847 /* MeditationInfoScroll.swift in Sources */ = {isa = PBXBuildFile; fileRef = E3FDF77B2ED0CE0F00ACD847 /* MeditationInfoScroll.swift */; };
		E918FB33F6CC56F39066F7DA /* ReminderManagerTests.swift in Sources */ = {isa = PBXBuildFile; fileRef = 3FC0FF6183D64D88B5E241EC /* ReminderManagerTests.swift */; };
		OB0100010000000000000001 /* OnboardingView.swift in Sources */ = {isa = PBXBuildFile; fileRef = OB0000010000000000000001 /* OnboardingView.swift */; };
		OB0100020000000000000002 /* OnboardingPageView.swift in Sources */ = {isa = PBXBuildFile; fileRef = OB0000020000000000000002 /* OnboardingPageView.swift */; };
		OB0100030000000000000003 /* OnboardingViewModel.swift in Sources */ = {isa = PBXBuildFile; fileRef = OB0000030000000000000003 /* OnboardingViewModel.swift */; };
		OB0100040000000000000004 /* OnboardingPageModel.swift in Sources */ = {isa = PBXBuildFile; fileRef = OB0000040000000000000004 /* OnboardingPageModel.swift */; };
		OB0100050000000000000005 /* OnboardingCoordinator.swift in Sources */ = {isa = PBXBuildFile; fileRef = OB0000050000000000000005 /* OnboardingCoordinator.swift */; };
		OB0100060000000000000006 /* OnboardingStore.swift in Sources */ = {isa = PBXBuildFile; fileRef = OB0000060000000000000006 /* OnboardingStore.swift */; };
		OB0100070000000000000007 /* OnboardingViewModelTests.swift in Sources */ = {isa = PBXBuildFile; fileRef = OB0000070000000000000007 /* OnboardingViewModelTests.swift */; };
/* End PBXBuildFile section */

/* Begin PBXContainerItemProxy section */
		AA0004202026082200000001 /* PBXContainerItemProxy */ = {
			isa = PBXContainerItemProxy;
			containerPortal = E36187632D68B221000E326D /* Project object */;
			proxyType = 1;
			remoteGlobalIDString = E361876A2D68B221000E326D;
			remoteInfo = MeditateAndNote;
		};
/* End PBXContainerItemProxy section */

/* Begin PBXFileReference section */
		09E4AAB15B1383604B747363 /* InsightsViewModel.swift */ = {isa = PBXFileReference; includeInIndex = 1; lastKnownFileType = sourcecode.swift; name = InsightsViewModel.swift; path = MeditateAndNote/ViewModels/InsightsViewModel.swift; sourceTree = "<group>"; };
		1797E6BA050E651155BE0B60 /* ReminderSettings.swift */ = {isa = PBXFileReference; includeInIndex = 1; lastKnownFileType = sourcecode.swift; path = ReminderSettings.swift; sourceTree = "<group>"; };
		1D672486C798B4CC2DBFF322 /* StreakInsight.swift */ = {isa = PBXFileReference; includeInIndex = 1; lastKnownFileType = sourcecode.swift; name = StreakInsight.swift; path = MeditateAndNote/Models/StreakInsight.swift; sourceTree = "<group>"; };
		2191349DA8C57C98F66164B8 /* MeditationViewModelTests.swift */ = {isa = PBXFileReference; includeInIndex = 1; lastKnownFileType = sourcecode.swift; path = MeditationViewModelTests.swift; sourceTree = "<group>"; };
		3FC0FF6183D64D88B5E241EC /* ReminderManagerTests.swift */ = {isa = PBXFileReference; includeInIndex = 1; lastKnownFileType = sourcecode.swift; path = ReminderManagerTests.swift; sourceTree = "<group>"; };
		44A99826A1EEEB59657443E1 /* ReminderSettingsSection.swift */ = {isa = PBXFileReference; includeInIndex = 1; lastKnownFileType = sourcecode.swift; path = ReminderSettingsSection.swift; sourceTree = "<group>"; };
		648FE2FCBB1DD6E50BB5E61E /* MeditationCompletionView.swift */ = {isa = PBXFileReference; includeInIndex = 1; lastKnownFileType = sourcecode.swift; path = MeditationCompletionView.swift; sourceTree = "<group>"; };
		70119D3AECE1D5E2F27AEAF9 /* StreakInsightEngineTests.swift */ = {isa = PBXFileReference; includeInIndex = 1; lastKnownFileType = sourcecode.swift; name = StreakInsightEngineTests.swift; path = MeditateAndNoteTests/StreakInsightEngineTests.swift; sourceTree = "<group>"; };
		73571B9E27145AED24F2D353 /* StreakReminderTests.swift */ = {isa = PBXFileReference; includeInIndex = 1; lastKnownFileType = sourcecode.swift; path = StreakReminderTests.swift; sourceTree = "<group>"; };
		78215B543038AB4200DD8F99 /* NoteSyncCoordinator.swift */ = {isa = PBXFileReference; lastKnownFileType = sourcecode.swift; path = NoteSyncCoordinator.swift; sourceTree = "<group>"; };
		78215B563038AB5000DD8F99 /* DomainEvents.swift */ = {isa = PBXFileReference; lastKnownFileType = sourcecode.swift; path = DomainEvents.swift; sourceTree = "<group>"; };
		78421A36302C1C4C001B52A6 /* ScrollDetector.swift */ = {isa = PBXFileReference; lastKnownFileType = sourcecode.swift; path = ScrollDetector.swift; sourceTree = "<group>"; };
		787880CC303E25FE004474C4 /* BreathingPathView.swift */ = {isa = PBXFileReference; lastKnownFileType = sourcecode.swift; path = BreathingPathView.swift; sourceTree = "<group>"; };
		787880D0303E84ED004474C4 /* meditation_started.wav */ = {isa = PBXFileReference; lastKnownFileType = audio.wav; path = meditation_started.wav; sourceTree = "<group>"; };
		787880D2303E8744004474C4 /* meditation_finished.wav */ = {isa = PBXFileReference; lastKnownFileType = audio.wav; path = meditation_finished.wav; sourceTree = "<group>"; };
		787880D4303E883A004474C4 /* meditation_paused.wav */ = {isa = PBXFileReference; lastKnownFileType = audio.wav; path = meditation_paused.wav; sourceTree = "<group>"; };
		788513DB3033D32C0052F4BC /* NoteEditorViewModel.swift */ = {isa = PBXFileReference; lastKnownFileType = sourcecode.swift; path = NoteEditorViewModel.swift; sourceTree = "<group>"; };
		788513DD3033D35D0052F4BC /* FloatingToolbar.swift */ = {isa = PBXFileReference; lastKnownFileType = sourcecode.swift; path = FloatingToolbar.swift; sourceTree = "<group>"; };
		788513DF3033D9250052F4BC /* NoteEditorView.swift */ = {isa = PBXFileReference; lastKnownFileType = sourcecode.swift; path = NoteEditorView.swift; sourceTree = "<group>"; };
		788956A13032019E0001D509 /* ThemeManager.swift */ = {isa = PBXFileReference; lastKnownFileType = sourcecode.swift; path = ThemeManager.swift; sourceTree = "<group>"; };
		788956A53032081E0001D509 /* MeditateButtonComponents.swift */ = {isa = PBXFileReference; lastKnownFileType = sourcecode.swift; path = MeditateButtonComponents.swift; sourceTree = "<group>"; };
		789B7B093010417D0082F0CB /* MainTheme.swift */ = {isa = PBXFileReference; lastKnownFileType = sourcecode.swift; path = MainTheme.swift; sourceTree = "<group>"; };
		78DA4DAD3047B4A600A36E6A /* CustomTabBar.swift */ = {isa = PBXFileReference; lastKnownFileType = sourcecode.swift; path = CustomTabBar.swift; sourceTree = "<group>"; };
		78DF5422303F1CB200B1F2C3 /* meditation_resumed.wav */ = {isa = PBXFileReference; lastKnownFileType = audio.wav; path = meditation_resumed.wav; sourceTree = "<group>"; };
		78DF54243040D09800B1F2C3 /* breath_inhale.wav */ = {isa = PBXFileReference; lastKnownFileType = audio.wav; path = breath_inhale.wav; sourceTree = "<group>"; };
		78DF54263040D09E00B1F2C3 /* breath_exhale.wav */ = {isa = PBXFileReference; lastKnownFileType = audio.wav; path = breath_exhale.wav; sourceTree = "<group>"; };
		78DF54283040D0A300B1F2C3 /* breath_hold.wav */ = {isa = PBXFileReference; lastKnownFileType = audio.wav; path = breath_hold.wav; sourceTree = "<group>"; };
		78DF542A3040D34000B1F2C3 /* meditation_countdown.wav */ = {isa = PBXFileReference; lastKnownFileType = audio.wav; path = meditation_countdown.wav; sourceTree = "<group>"; };
		8C2C893562EB1C321CF1B273 /* StreakInsightEngine.swift */ = {isa = PBXFileReference; includeInIndex = 1; lastKnownFileType = sourcecode.swift; name = StreakInsightEngine.swift; path = MeditateAndNote/Services/StreakInsightEngine.swift; sourceTree = "<group>"; };
		965AB13C80C9D60F37F232D7 /* ReminderSettingsTests.swift */ = {isa = PBXFileReference; includeInIndex = 1; lastKnownFileType = sourcecode.swift; path = ReminderSettingsTests.swift; sourceTree = "<group>"; };
		9DF1D116F571072F70488A4F /* WeekdayHeatmapView.swift */ = {isa = PBXFileReference; includeInIndex = 1; lastKnownFileType = sourcecode.swift; name = WeekdayHeatmapView.swift; path = MeditateAndNote/Views/Main/Streak/WeekdayHeatmapView.swift; sourceTree = "<group>"; };
		AA0000022026082000000001 /* DailyActivity.swift */ = {isa = PBXFileReference; lastKnownFileType = sourcecode.swift; path = DailyActivity.swift; sourceTree = "<group>"; };
		AA00000220260903C00001 /* BreathingAnimationStyle.swift */ = {isa = PBXFileReference; lastKnownFileType = sourcecode.swift; path = BreathingAnimationStyle.swift; sourceTree = "<group>"; };
		AA00000220260903C00003 /* AnimationSettings.swift */ = {isa = PBXFileReference; lastKnownFileType = sourcecode.swift; path = AnimationSettings.swift; sourceTree = "<group>"; };
		AA00000220260903C00005 /* SettingsView.swift */ = {isa = PBXFileReference; lastKnownFileType = sourcecode.swift; path = SettingsView.swift; sourceTree = "<group>"; };
		AA00000220260903C00007 /* AnimationSettingsTests.swift */ = {isa = PBXFileReference; lastKnownFileType = sourcecode.swift; path = AnimationSettingsTests.swift; sourceTree = "<group>"; };
		AA0000042026082000000002 /* MeditationSession.swift */ = {isa = PBXFileReference; lastKnownFileType = sourcecode.swift; path = MeditationSession.swift; sourceTree = "<group>"; };
		AA0000082026082000000004 /* StreakTracker.swift */ = {isa = PBXFileReference; lastKnownFileType = sourcecode.swift; path = StreakTracker.swift; sourceTree = "<group>"; };
		AA00000A2026082000000005 /* StreakHeaderView.swift */ = {isa = PBXFileReference; lastKnownFileType = sourcecode.swift; path = StreakHeaderView.swift; sourceTree = "<group>"; };
		AA00000C2026082000000006 /* StreakDetailView.swift */ = {isa = PBXFileReference; lastKnownFileType = sourcecode.swift; path = StreakDetailView.swift; sourceTree = "<group>"; };
		AA0000102026082000000008 /* StreakTrackerTests.swift */ = {isa = PBXFileReference; lastKnownFileType = sourcecode.swift; path = StreakTrackerTests.swift; sourceTree = "<group>"; };
		AA000012202608200000000C /* DayCellView.swift */ = {isa = PBXFileReference; lastKnownFileType = sourcecode.swift; path = DayCellView.swift; sourceTree = "<group>"; };
		AA0000202026082100000002 /* MeditateAndNoteTests.xctest */ = {isa = PBXFileReference; explicitFileType = wrapper.cfbundle; includeInIndex = 0; path = MeditateAndNoteTests.xctest; sourceTree = BUILT_PRODUCTS_DIR; };
		AA0000212026082600A10001 /* SoundPlayer.swift */ = {isa = PBXFileReference; lastKnownFileType = sourcecode.swift; path = SoundPlayer.swift; sourceTree = "<group>"; };
		AA0000302026082700B10002 /* breath_hold_after_exhale.wav */ = {isa = PBXFileReference; lastKnownFileType = audio.wav; path = breath_hold_after_exhale.wav; sourceTree = "<group>"; };
		AA00010020260902C00002 /* SoundSettings.swift */ = {isa = PBXFileReference; lastKnownFileType = sourcecode.swift; path = SoundSettings.swift; sourceTree = "<group>"; };
		AA00012020260902C00004 /* SoundSettingsSheet.swift */ = {isa = PBXFileReference; lastKnownFileType = sourcecode.swift; path = SoundSettingsSheet.swift; sourceTree = "<group>"; };
		AA00014020260902C00006 /* SoundSettingsTests.swift */ = {isa = PBXFileReference; lastKnownFileType = sourcecode.swift; path = SoundSettingsTests.swift; sourceTree = "<group>"; };
		AA0003002026082200000001 /* MeditationDuration.swift */ = {isa = PBXFileReference; lastKnownFileType = sourcecode.swift; path = MeditationDuration.swift; sourceTree = "<group>"; };
		AA0003102026082200000003 /* SearchQuery.swift */ = {isa = PBXFileReference; lastKnownFileType = sourcecode.swift; path = SearchQuery.swift; sourceTree = "<group>"; };
		AA2A9BB90A0B40656AE57601 /* ReminderManager.swift */ = {isa = PBXFileReference; includeInIndex = 1; lastKnownFileType = sourcecode.swift; path = ReminderManager.swift; sourceTree = "<group>"; };
		AC3C8D0C08E6E9153624093E /* InsightsSection.swift */ = {isa = PBXFileReference; includeInIndex = 1; lastKnownFileType = sourcecode.swift; name = InsightsSection.swift; path = MeditateAndNote/Views/Main/Streak/InsightsSection.swift; sourceTree = "<group>"; };
		C1C20BEA552DE5FA2D6680E4 /* UserDefaultsReminderSettingsStore.swift */ = {isa = PBXFileReference; includeInIndex = 1; lastKnownFileType = sourcecode.swift; path = UserDefaultsReminderSettingsStore.swift; sourceTree = "<group>"; };
		CC0000012026082800000001 /* CoreDataManager.swift */ = {isa = PBXFileReference; lastKnownFileType = sourcecode.swift; path = CoreDataManager.swift; sourceTree = "<group>"; };
		CC0000022026082800000002 /* CoreDataNoteDataSource.swift */ = {isa = PBXFileReference; lastKnownFileType = sourcecode.swift; path = CoreDataNoteDataSource.swift; sourceTree = "<group>"; };
		CC0000032026082800000003 /* CoreDataSessionStore.swift */ = {isa = PBXFileReference; lastKnownFileType = sourcecode.swift; path = CoreDataSessionStore.swift; sourceTree = "<group>"; };
		CC0000042026082800000004 /* CoreDataStreakStore.swift */ = {isa = PBXFileReference; lastKnownFileType = sourcecode.swift; path = CoreDataStreakStore.swift; sourceTree = "<group>"; };
		D35E3DCB24F352F1C7D834E8 /* NotificationScheduling.swift */ = {isa = PBXFileReference; includeInIndex = 1; lastKnownFileType = sourcecode.swift; path = NotificationScheduling.swift; sourceTree = "<group>"; };
		DD0000012026082800000001 /* CoreDataManagerTests.swift */ = {isa = PBXFileReference; lastKnownFileType = sourcecode.swift; path = CoreDataManagerTests.swift; sourceTree = "<group>"; };
		DD0000022026082800000002 /* CoreDataNoteDataSourceTests.swift */ = {isa = PBXFileReference; lastKnownFileType = sourcecode.swift; path = CoreDataNoteDataSourceTests.swift; sourceTree = "<group>"; };
		DD0000032026082800000003 /* CoreDataSessionStoreTests.swift */ = {isa = PBXFileReference; lastKnownFileType = sourcecode.swift; path = CoreDataSessionStoreTests.swift; sourceTree = "<group>"; };
		DD0000042026082800000004 /* CoreDataStreakStoreTests.swift */ = {isa = PBXFileReference; lastKnownFileType = sourcecode.swift; path = CoreDataStreakStoreTests.swift; sourceTree = "<group>"; };
		E320C3EC2E2D1AC9009452DD /* Destination.swift */ = {isa = PBXFileReference; lastKnownFileType = sourcecode.swift; path = Destination.swift; sourceTree = "<group>"; };
		E320C3F02E2D1CD6009452DD /* Router.swift */ = {isa = PBXFileReference; lastKnownFileType = sourcecode.swift; path = Router.swift; sourceTree = "<group>"; };
		E320C3F22E2D1F67009452DD /* Config.swift */ = {isa = PBXFileReference; lastKnownFileType = sourcecode.swift; path = Config.swift; sourceTree = "<group>"; };
		E320C3F42E2DC691009452DD /* Deeplink.swift */ = {isa = PBXFileReference; lastKnownFileType = sourcecode.swift; path = Deeplink.swift; sourceTree = "<group>"; };
		E320C3F62E2DC6D4009452DD /* DeepLinkParser.swift */ = {isa = PBXFileReference; lastKnownFileType = sourcecode.swift; path = DeepLinkParser.swift; sourceTree = "<group>"; };
		E320C3F82E2DC8E4009452DD /* Destination-ViewMapping.swift */ = {isa = PBXFileReference; lastKnownFileType = sourcecode.swift; path = "Destination-ViewMapping.swift"; sourceTree = "<group>"; };
		E32C6BBC2ED9C39F0093F735 /* NoteMenu.swift */ = {isa = PBXFileReference; lastKnownFileType = sourcecode.swift; path = NoteMenu.swift; sourceTree = "<group>"; };
		E32C6BBE2ED9C6600093F735 /* NoteMenuViewModel.swift */ = {isa = PBXFileReference; lastKnownFileType = sourcecode.swift; path = NoteMenuViewModel.swift; sourceTree = "<group>"; };
		E32C6BC02ED9CD6D0093F735 /* SearchBar.swift */ = {isa = PBXFileReference; lastKnownFileType = sourcecode.swift; path = SearchBar.swift; sourceTree = "<group>"; };
		E32C6BC22ED9CEBB0093F735 /* SearchState.swift */ = {isa = PBXFileReference; lastKnownFileType = sourcecode.swift; path = SearchState.swift; sourceTree = "<group>"; };
		E34D18AC2E425A01004CCFA8 /* Breathing.swift */ = {isa = PBXFileReference; lastKnownFileType = sourcecode.swift; path = Breathing.swift; sourceTree = "<group>"; };
		E34D18AE2E426346004CCFA8 /* TimeMeditationSheet.swift */ = {isa = PBXFileReference; lastKnownFileType = sourcecode.swift; path = TimeMeditationSheet.swift; sourceTree = "<group>"; };
		E34EE7672E3AFDCE0044CDC6 /* AppContainer.swift */ = {isa = PBXFileReference; lastKnownFileType = sourcecode.swift; path = AppContainer.swift; sourceTree = "<group>"; };
		E35B6FBB2E44ECAF00B235AE /* ConcentricRing.swift */ = {isa = PBXFileReference; lastKnownFileType = sourcecode.swift; path = ConcentricRing.swift; sourceTree = "<group>"; };
		E361643E2E41048C00A5DCCF /* MeditationView.swift */ = {isa = PBXFileReference; lastKnownFileType = sourcecode.swift; path = MeditationView.swift; sourceTree = "<group>"; };
		E36164402E41050F00A5DCCF /* MeditationViewModel.swift */ = {isa = PBXFileReference; lastKnownFileType = sourcecode.swift; path = MeditationViewModel.swift; sourceTree = "<group>"; };
		E36164422E410D3D00A5DCCF /* MeditationProgressView.swift */ = {isa = PBXFileReference; lastKnownFileType = sourcecode.swift; path = MeditationProgressView.swift; sourceTree = "<group>"; };
		E361876B2D68B221000E326D /* MeditateAndNote.app */ = {isa = PBXFileReference; explicitFileType = wrapper.application; includeInIndex = 0; path = MeditateAndNote.app; sourceTree = BUILT_PRODUCTS_DIR; };
		E361876E2D68B221000E326D /* MeditateAndNoteApp.swift */ = {isa = PBXFileReference; lastKnownFileType = sourcecode.swift; path = MeditateAndNoteApp.swift; sourceTree = "<group>"; };
		E36187722D68B223000E326D /* Assets.xcassets */ = {isa = PBXFileReference; lastKnownFileType = folder.assetcatalog; path = Assets.xcassets; sourceTree = "<group>"; };
		E36187752D68B223000E326D /* Preview Assets.xcassets */ = {isa = PBXFileReference; lastKnownFileType = folder.assetcatalog; path = "Preview Assets.xcassets"; sourceTree = "<group>"; };
		E361877E2D68B373000E326D /* MainView.swift */ = {isa = PBXFileReference; lastKnownFileType = sourcecode.swift; path = MainView.swift; sourceTree = "<group>"; };
		E36187802D68D021000E326D /* Note.swift */ = {isa = PBXFileReference; lastKnownFileType = sourcecode.swift; path = Note.swift; sourceTree = "<group>"; };
		E36187852D68D0A5000E326D /* NoteCard.swift */ = {isa = PBXFileReference; lastKnownFileType = sourcecode.swift; path = NoteCard.swift; sourceTree = "<group>"; };
		E36187882D68F928000E326D /* Extension+View.swift */ = {isa = PBXFileReference; lastKnownFileType = sourcecode.swift; path = "Extension+View.swift"; sourceTree = "<group>"; };
		E361878E2D68FF88000E326D /* MainViewModel.swift */ = {isa = PBXFileReference; lastKnownFileType = sourcecode.swift; path = MainViewModel.swift; sourceTree = "<group>"; };
		E36366282E3D0AB80026E810 /* MeditationCard.swift */ = {isa = PBXFileReference; lastKnownFileType = sourcecode.swift; path = MeditationCard.swift; sourceTree = "<group>"; };
		E36D33902ED33DCC0048B6AC /* RootContainer.swift */ = {isa = PBXFileReference; lastKnownFileType = sourcecode.swift; path = RootContainer.swift; sourceTree = "<group>"; };
		E3848D4F2E3BC9A0001BE8AB /* NotesRepository.swift */ = {isa = PBXFileReference; lastKnownFileType = sourcecode.swift; path = NotesRepository.swift; sourceTree = "<group>"; };
		E3848D512E3BCA7F001BE8AB /* MeditationService.swift */ = {isa = PBXFileReference; lastKnownFileType = sourcecode.swift; path = MeditationService.swift; sourceTree = "<group>"; };
		E3848D532E3BCAC4001BE8AB /* Meditation.swift */ = {isa = PBXFileReference; lastKnownFileType = sourcecode.swift; path = Meditation.swift; sourceTree = "<group>"; };
		E3848D552E3BD098001BE8AB /* ContainerView.swift */ = {isa = PBXFileReference; lastKnownFileType = sourcecode.swift; path = ContainerView.swift; sourceTree = "<group>"; };
		E389732A2D7918E700A9A662 /* MeditateSelectView.swift */ = {isa = PBXFileReference; lastKnownFileType = sourcecode.swift; path = MeditateSelectView.swift; sourceTree = "<group>"; };
		E389732C2D79191200A9A662 /* MeditateSelectViewModel.swift */ = {isa = PBXFileReference; lastKnownFileType = sourcecode.swift; path = MeditateSelectViewModel.swift; sourceTree = "<group>"; };
		E398CE772EDE464000B96376 /* NoteManager.swift */ = {isa = PBXFileReference; lastKnownFileType = sourcecode.swift; path = NoteManager.swift; sourceTree = "<group>"; };
		E3BAF8A52E293D340036E250 /* ReadingView.swift */ = {isa = PBXFileReference; lastKnownFileType = sourcecode.swift; path = ReadingView.swift; sourceTree = "<group>"; };
		E3BAF8A82E2940380036E250 /* NavigationContainer.swift */ = {isa = PBXFileReference; lastKnownFileType = sourcecode.swift; path = NavigationContainer.swift; sourceTree = "<group>"; };
		E3F0F1A22E4600000000AB12 /* NoteManagerTests.swift */ = {isa = PBXFileReference; lastKnownFileType = sourcecode.swift; path = NoteManagerTests.swift; sourceTree = "<group>"; };
		E3F0F1A72E5B00000000AB22 /* MeditationSessionEngine.swift */ = {isa = PBXFileReference; lastKnownFileType = sourcecode.swift; path = MeditationSessionEngine.swift; sourceTree = "<group>"; };
		E3F0F1A92E5B00000000AB24 /* MeditationEngineTests.swift */ = {isa = PBXFileReference; lastKnownFileType = sourcecode.swift; path = MeditationEngineTests.swift; sourceTree = "<group>"; };
		E3FDF77B2ED0CE0F00ACD847 /* MeditationInfoScroll.swift */ = {isa = PBXFileReference; lastKnownFileType = sourcecode.swift; path = MeditationInfoScroll.swift; sourceTree = "<group>"; };
		FBAB63B4D20C32569B0BAE55 /* StreakInsightManager.swift */ = {isa = PBXFileReference; includeInIndex = 1; lastKnownFileType = sourcecode.swift; name = StreakInsightManager.swift; path = MeditateAndNote/Services/StreakInsightManager.swift; sourceTree = "<group>"; };
		OB0000010000000000000001 /* OnboardingView.swift */ = {isa = PBXFileReference; lastKnownFileType = sourcecode.swift; path = OnboardingView.swift; sourceTree = "<group>"; };
		OB0000020000000000000002 /* OnboardingPageView.swift */ = {isa = PBXFileReference; lastKnownFileType = sourcecode.swift; path = OnboardingPageView.swift; sourceTree = "<group>"; };
		OB0000030000000000000003 /* OnboardingViewModel.swift */ = {isa = PBXFileReference; lastKnownFileType = sourcecode.swift; path = OnboardingViewModel.swift; sourceTree = "<group>"; };
		OB0000040000000000000004 /* OnboardingPageModel.swift */ = {isa = PBXFileReference; lastKnownFileType = sourcecode.swift; path = OnboardingPageModel.swift; sourceTree = "<group>"; };
		OB0000050000000000000005 /* OnboardingCoordinator.swift */ = {isa = PBXFileReference; lastKnownFileType = sourcecode.swift; path = OnboardingCoordinator.swift; sourceTree = "<group>"; };
		OB0000060000000000000006 /* OnboardingStore.swift */ = {isa = PBXFileReference; lastKnownFileType = sourcecode.swift; path = OnboardingStore.swift; sourceTree = "<group>"; };
		OB0000070000000000000007 /* OnboardingViewModelTests.swift */ = {isa = PBXFileReference; lastKnownFileType = sourcecode.swift; path = OnboardingViewModelTests.swift; sourceTree = "<group>"; };
/* End PBXFileReference section */

/* Begin PBXFrameworksBuildPhase section */
		AA0000202026082100000003 /* Frameworks */ = {
			isa = PBXFrameworksBuildPhase;
			buildActionMask = 2147483647;
			files = (
			);
			runOnlyForDeploymentPostprocessing = 0;
		};
		E36187682D68B221000E326D /* Frameworks */ = {
			isa = PBXFrameworksBuildPhase;
			buildActionMask = 2147483647;
			files = (
			);
			runOnlyForDeploymentPostprocessing = 0;
		};
/* End PBXFrameworksBuildPhase section */

/* Begin PBXGroup section */
		782A8C0C302D0DE70004249F /* NoteMenu */ = {
			isa = PBXGroup;
			children = (
				E32C6BBC2ED9C39F0093F735 /* NoteMenu.swift */,
				E32C6BC02ED9CD6D0093F735 /* SearchBar.swift */,
				78421A36302C1C4C001B52A6 /* ScrollDetector.swift */,
				E32C6BC22ED9CEBB0093F735 /* SearchState.swift */,
			);
			path = NoteMenu;
			sourceTree = "<group>";
		};
		787880CE303E847E004474C4 /* Resources */ = {
			isa = PBXGroup;
			children = (
				787880CF303E84C6004474C4 /* Sounds */,
			);
			path = Resources;
			sourceTree = "<group>";
		};
		787880CF303E84C6004474C4 /* Sounds */ = {
			isa = PBXGroup;
			children = (
				787880D0303E84ED004474C4 /* meditation_started.wav */,
				787880D4303E883A004474C4 /* meditation_paused.wav */,
				78DF5422303F1CB200B1F2C3 /* meditation_resumed.wav */,
				787880D2303E8744004474C4 /* meditation_finished.wav */,
				78DF54243040D09800B1F2C3 /* breath_inhale.wav */,
				78DF54263040D09E00B1F2C3 /* breath_exhale.wav */,
				AA0000302026082700B10002 /* breath_hold_after_exhale.wav */,
				78DF54283040D0A300B1F2C3 /* breath_hold.wav */,
				78DF542A3040D34000B1F2C3 /* meditation_countdown.wav */,
			);
			path = Sounds;
			sourceTree = "<group>";
		};
		78C59AE03036C554007C155E /* NoteEditor */ = {
			isa = PBXGroup;
			children = (
				788513DF3033D9250052F4BC /* NoteEditorView.swift */,
				788513DD3033D35D0052F4BC /* FloatingToolbar.swift */,
			);
			path = NoteEditor;
			sourceTree = "<group>";
		};
		78C86D8E3037C27500950DB9 /* Main */ = {
			isa = PBXGroup;
			children = (
				E361877E2D68B373000E326D /* MainView.swift */,
				788956A53032081E0001D509 /* MeditateButtonComponents.swift */,
				AA0000122026082000000009 /* Streak */,
			);
			path = Main;
			sourceTree = "<group>";
		};
		78DA4DAF3047BAFF00A36E6A /* Root */ = {
			isa = PBXGroup;
			children = (
				E36D33902ED33DCC0048B6AC /* RootContainer.swift */,
				78DA4DAD3047B4A600A36E6A /* CustomTabBar.swift */,
			);
			path = Root;
			sourceTree = "<group>";
		};
		AA00000220260903C00009 /* Settings */ = {
			isa = PBXGroup;
			children = (
				AA00000220260903C00005 /* SettingsView.swift */,
				44A99826A1EEEB59657443E1 /* ReminderSettingsSection.swift */,
			);
			path = Settings;
			sourceTree = "<group>";
		};
		AA0000122026082000000009 /* Streak */ = {
			isa = PBXGroup;
			children = (
				AA000012202608200000000C /* DayCellView.swift */,
				AA00000A2026082000000005 /* StreakHeaderView.swift */,
				AA00000C2026082000000006 /* StreakDetailView.swift */,
				AC3C8D0C08E6E9153624093E /* InsightsSection.swift */,
				9DF1D116F571072F70488A4F /* WeekdayHeatmapView.swift */,
			);
			path = Streak;
			sourceTree = "<group>";
		};
		AA000014202608200000000A /* MeditateAndNoteTests */ = {
			isa = PBXGroup;
			children = (
				AA0000102026082000000008 /* StreakTrackerTests.swift */,
				DD0000012026082800000001 /* CoreDataManagerTests.swift */,
				DD0000022026082800000002 /* CoreDataNoteDataSourceTests.swift */,
				DD0000032026082800000003 /* CoreDataSessionStoreTests.swift */,
				DD0000042026082800000004 /* CoreDataStreakStoreTests.swift */,
				E3F0F1A22E4600000000AB12 /* NoteManagerTests.swift */,
				E3F0F1A92E5B00000000AB24 /* MeditationEngineTests.swift */,
				2191349DA8C57C98F66164B8 /* MeditationViewModelTests.swift */,
				73571B9E27145AED24F2D353 /* StreakReminderTests.swift */,
				AA00014020260902C00006 /* SoundSettingsTests.swift */,
				AA00000220260903C00007 /* AnimationSettingsTests.swift */,
				OB0000070000000000000007 /* OnboardingViewModelTests.swift */,
				70119D3AECE1D5E2F27AEAF9 /* StreakInsightEngineTests.swift */,
				965AB13C80C9D60F37F232D7 /* ReminderSettingsTests.swift */,
				3FC0FF6183D64D88B5E241EC /* ReminderManagerTests.swift */,
			);
			path = MeditateAndNoteTests;
			sourceTree = "<group>";
		};
		AA0000AA2026082200000001 /* Theme */ = {
			isa = PBXGroup;
			children = (
				789B7B093010417D0082F0CB /* MainTheme.swift */,
			);
			path = Theme;
			sourceTree = "<group>";
		};
		CC0000052026082800000009 /* Persistence */ = {
			isa = PBXGroup;
			children = (
				CC0000012026082800000001 /* CoreDataManager.swift */,
				CC0000022026082800000002 /* CoreDataNoteDataSource.swift */,
				CC0000032026082800000003 /* CoreDataSessionStore.swift */,
				CC0000042026082800000004 /* CoreDataStreakStore.swift */,
				C1C20BEA552DE5FA2D6680E4 /* UserDefaultsReminderSettingsStore.swift */,
			);
			path = Persistence;
			sourceTree = "<group>";
		};
		E31DE9A32E6C84EA00C330DC /* MeditationSelect */ = {
			isa = PBXGroup;
			children = (
				E389732A2D7918E700A9A662 /* MeditateSelectView.swift */,
				E3FDF77B2ED0CE0F00ACD847 /* MeditationInfoScroll.swift */,
				E36366282E3D0AB80026E810 /* MeditationCard.swift */,
				AA00012020260902C00004 /* SoundSettingsSheet.swift */,
			);
			path = MeditationSelect;
			sourceTree = "<group>";
		};
		E34D18AB2E424CEE004CCFA8 /* Meditation */ = {
			isa = PBXGroup;
			children = (
				E361643E2E41048C00A5DCCF /* MeditationView.swift */,
				787880CC303E25FE004474C4 /* BreathingPathView.swift */,
				E35B6FBB2E44ECAF00B235AE /* ConcentricRing.swift */,
				E36164422E410D3D00A5DCCF /* MeditationProgressView.swift */,
				E34D18AE2E426346004CCFA8 /* TimeMeditationSheet.swift */,
				648FE2FCBB1DD6E50BB5E61E /* MeditationCompletionView.swift */,
			);
			path = Meditation;
			sourceTree = "<group>";
		};
		E34EE7662E3AFD0F0044CDC6 /* AppContainer */ = {
			isa = PBXGroup;
			children = (
				E34EE7672E3AFDCE0044CDC6 /* AppContainer.swift */,
				E3848D552E3BD098001BE8AB /* ContainerView.swift */,
			);
			path = AppContainer;
			sourceTree = "<group>";
		};
		E36187622D68B221000E326D = {
			isa = PBXGroup;
			children = (
				E361876D2D68B221000E326D /* MeditateAndNote */,
				E361876C2D68B221000E326D /* Products */,
				AA000014202608200000000A /* MeditateAndNoteTests */,
				8C2C893562EB1C321CF1B273 /* StreakInsightEngine.swift */,
				FBAB63B4D20C32569B0BAE55 /* StreakInsightManager.swift */,
				1D672486C798B4CC2DBFF322 /* StreakInsight.swift */,
				09E4AAB15B1383604B747363 /* InsightsViewModel.swift */,
				AC3C8D0C08E6E9153624093E /* InsightsSection.swift */,
				70119D3AECE1D5E2F27AEAF9 /* StreakInsightEngineTests.swift */,
				9DF1D116F571072F70488A4F /* WeekdayHeatmapView.swift */,
			);
			sourceTree = "<group>";
		};
		E361876C2D68B221000E326D /* Products */ = {
			isa = PBXGroup;
			children = (
				E361876B2D68B221000E326D /* MeditateAndNote.app */,
				AA0000202026082100000002 /* MeditateAndNoteTests.xctest */,
			);
			name = Products;
			sourceTree = "<group>";
		};
		E361876D2D68B221000E326D /* MeditateAndNote */ = {
			isa = PBXGroup;
			children = (
				E3848D4E2E3BC984001BE8AB /* Services */,
				CC0000052026082800000009 /* Persistence */,
				E34EE7662E3AFD0F0044CDC6 /* AppContainer */,
				E3BAF8A72E2940120036E250 /* Navigation */,
				E36187872D68F901000E326D /* Extensions */,
				E361878D2D68FF37000E326D /* ViewModels */,
				E36187832D68D05C000E326D /* Views */,
				E36187822D68D04E000E326D /* Models */,
				787880CE303E847E004474C4 /* Resources */,
				E361876E2D68B221000E326D /* MeditateAndNoteApp.swift */,
				E36187722D68B223000E326D /* Assets.xcassets */,
				E36187742D68B223000E326D /* Preview Content */,
			);
			path = MeditateAndNote;
			sourceTree = "<group>";
		};
		E36187742D68B223000E326D /* Preview Content */ = {
			isa = PBXGroup;
			children = (
				E36187752D68B223000E326D /* Preview Assets.xcassets */,
			);
			path = "Preview Content";
			sourceTree = "<group>";
		};
		E36187822D68D04E000E326D /* Models */ = {
			isa = PBXGroup;
			children = (
				E36187802D68D021000E326D /* Note.swift */,
				E3848D532E3BCAC4001BE8AB /* Meditation.swift */,
				E34D18AC2E425A01004CCFA8 /* Breathing.swift */,
				AA00000220260903C00001 /* BreathingAnimationStyle.swift */,
				E3F0F1A72E5B00000000AB22 /* MeditationSessionEngine.swift */,
				AA0000022026082000000001 /* DailyActivity.swift */,
				AA0000042026082000000002 /* MeditationSession.swift */,
				AA0003102026082200000003 /* SearchQuery.swift */,
				AA0003002026082200000001 /* MeditationDuration.swift */,
				1D672486C798B4CC2DBFF322 /* StreakInsight.swift */,
				1797E6BA050E651155BE0B60 /* ReminderSettings.swift */,
			);
			path = Models;
			sourceTree = "<group>";
		};
		E36187832D68D05C000E326D /* Views */ = {
			isa = PBXGroup;
			children = (
				78DA4DAF3047BAFF00A36E6A /* Root */,
				78C86D8E3037C27500950DB9 /* Main */,
				E3BAF8A52E293D340036E250 /* ReadingView.swift */,
				AA0000AA2026082200000001 /* Theme */,
				782A8C0C302D0DE70004249F /* NoteMenu */,
				E34D18AB2E424CEE004CCFA8 /* Meditation */,
				78C59AE03036C554007C155E /* NoteEditor */,
				OB0001000000000000000001 /* Onboarding */,
				E31DE9A32E6C84EA00C330DC /* MeditationSelect */,
				E36187842D68D087000E326D /* Components */,
				AA00000220260903C00009 /* Settings */,
			);
			path = Views;
			sourceTree = "<group>";
		};
		E36187842D68D087000E326D /* Components */ = {
			isa = PBXGroup;
			children = (
				E36187852D68D0A5000E326D /* NoteCard.swift */,
			);
			path = Components;
			sourceTree = "<group>";
		};
		E36187872D68F901000E326D /* Extensions */ = {
			isa = PBXGroup;
			children = (
				E36187882D68F928000E326D /* Extension+View.swift */,
			);
			path = Extensions;
			sourceTree = "<group>";
		};
		E361878D2D68FF37000E326D /* ViewModels */ = {
			isa = PBXGroup;
			children = (
				788513DB3033D32C0052F4BC /* NoteEditorViewModel.swift */,
				E361878E2D68FF88000E326D /* MainViewModel.swift */,
				E32C6BBE2ED9C6600093F735 /* NoteMenuViewModel.swift */,
				E389732C2D79191200A9A662 /* MeditateSelectViewModel.swift */,
				E36164402E41050F00A5DCCF /* MeditationViewModel.swift */,
				OB0000030000000000000003 /* OnboardingViewModel.swift */,
				09E4AAB15B1383604B747363 /* InsightsViewModel.swift */,
			);
			path = ViewModels;
			sourceTree = "<group>";
		};
		E3848D4E2E3BC984001BE8AB /* Services */ = {
			isa = PBXGroup;
			children = (
				78215B563038AB5000DD8F99 /* DomainEvents.swift */,
				78215B543038AB4200DD8F99 /* NoteSyncCoordinator.swift */,
				788956A13032019E0001D509 /* ThemeManager.swift */,
				E3848D4F2E3BC9A0001BE8AB /* NotesRepository.swift */,
				E3848D512E3BCA7F001BE8AB /* MeditationService.swift */,
				E398CE772EDE464000B96376 /* NoteManager.swift */,
				AA0000082026082000000004 /* StreakTracker.swift */,
				AA0000212026082600A10001 /* SoundPlayer.swift */,
				AA00010020260902C00002 /* SoundSettings.swift */,
				AA00000220260903C00003 /* AnimationSettings.swift */,
				OB0000060000000000000006 /* OnboardingStore.swift */,
				8C2C893562EB1C321CF1B273 /* StreakInsightEngine.swift */,
				FBAB63B4D20C32569B0BAE55 /* StreakInsightManager.swift */,
				D35E3DCB24F352F1C7D834E8 /* NotificationScheduling.swift */,
				AA2A9BB90A0B40656AE57601 /* ReminderManager.swift */,
			);
			path = Services;
			sourceTree = "<group>";
		};
		E3BAF8A72E2940120036E250 /* Navigation */ = {
			isa = PBXGroup;
			children = (
				E3BAF8A82E2940380036E250 /* NavigationContainer.swift */,
				E320C3EC2E2D1AC9009452DD /* Destination.swift */,
				E320C3F82E2DC8E4009452DD /* Destination-ViewMapping.swift */,
				E320C3F02E2D1CD6009452DD /* Router.swift */,
				E320C3F22E2D1F67009452DD /* Config.swift */,
				E320C3F42E2DC691009452DD /* Deeplink.swift */,
				E320C3F62E2DC6D4009452DD /* DeepLinkParser.swift */,
				OB0000050000000000000005 /* OnboardingCoordinator.swift */,
			);
			path = Navigation;
			sourceTree = "<group>";
		};
		OB0001000000000000000001 /* Onboarding */ = {
			isa = PBXGroup;
			children = (
				OB0000010000000000000001 /* OnboardingView.swift */,
				OB0000020000000000000002 /* OnboardingPageView.swift */,
				OB0000040000000000000004 /* OnboardingPageModel.swift */,
			);
			path = Onboarding;
			sourceTree = "<group>";
		};
/* End PBXGroup section */

/* Begin PBXNativeTarget section */
		AA0000202026082100000005 /* MeditateAndNoteTests */ = {
			isa = PBXNativeTarget;
			buildConfigurationList = AA0000202026082100000008 /* Build configuration list for PBXNativeTarget "MeditateAndNoteTests" */;
			buildPhases = (
				AA0000202026082100000004 /* Sources */,
				AA0000202026082100000003 /* Frameworks */,
			);
			buildRules = (
			);
			dependencies = (
				AA0004302026082200000001 /* PBXTargetDependency */,
			);
			name = MeditateAndNoteTests;
			productName = MeditateAndNoteTests;
			productReference = AA0000202026082100000002 /* MeditateAndNoteTests.xctest */;
			productType = "com.apple.product-type.bundle.unit-test";
		};
		E361876A2D68B221000E326D /* MeditateAndNote */ = {
			isa = PBXNativeTarget;
			buildConfigurationList = E36187792D68B223000E326D /* Build configuration list for PBXNativeTarget "MeditateAndNote" */;
			buildPhases = (
				E36187672D68B221000E326D /* Sources */,
				E36187682D68B221000E326D /* Frameworks */,
				E36187692D68B221000E326D /* Resources */,
			);
			buildRules = (
			);
			dependencies = (
			);
			name = MeditateAndNote;
			productName = MeditateAndNote;
			productReference = E361876B2D68B221000E326D /* MeditateAndNote.app */;
			productType = "com.apple.product-type.application";
		};
/* End PBXNativeTarget section */

/* Begin PBXProject section */
		E36187632D68B221000E326D /* Project object */ = {
			isa = PBXProject;
			attributes = {
				BuildIndependentTargetsInParallel = 1;
				LastSwiftUpdateCheck = 1420;
				LastUpgradeCheck = 2660;
				TargetAttributes = {
					AA0000202026082100000005 = {
						CreatedOnToolsVersion = 14.2;
						TestTargetID = E361876A2D68B221000E326D;
					};
					E361876A2D68B221000E326D = {
						CreatedOnToolsVersion = 14.2;
					};
				};
			};
			buildConfigurationList = E36187662D68B221000E326D /* Build configuration list for PBXProject "MeditateAndNote" */;
			compatibilityVersion = "Xcode 14.0";
			developmentRegion = en;
			hasScannedForEncodings = 0;
			knownRegions = (
				en,
				Base,
			);
			mainGroup = E36187622D68B221000E326D;
			productRefGroup = E361876C2D68B221000E326D /* Products */;
			projectDirPath = "";
			projectRoot = "";
			targets = (
				E361876A2D68B221000E326D /* MeditateAndNote */,
				AA0000202026082100000005 /* MeditateAndNoteTests */,
			);
		};
/* End PBXProject section */

/* Begin PBXResourcesBuildPhase section */
		E36187692D68B221000E326D /* Resources */ = {
			isa = PBXResourcesBuildPhase;
			buildActionMask = 2147483647;
			files = (
				78DF5423303F1CB200B1F2C3 /* meditation_resumed.wav in Resources */,
				78DF54273040D09E00B1F2C3 /* breath_exhale.wav in Resources */,
				AA0000312026082700B10003 /* breath_hold_after_exhale.wav in Resources */,
				787880D1303E84ED004474C4 /* meditation_started.wav in Resources */,
				78DF54293040D0A300B1F2C3 /* breath_hold.wav in Resources */,
				78DF54253040D09800B1F2C3 /* breath_inhale.wav in Resources */,
				E36187762D68B223000E326D /* Preview Assets.xcassets in Resources */,
				78DF542B3040D34000B1F2C3 /* meditation_countdown.wav in Resources */,
				787880D5303E883A004474C4 /* meditation_paused.wav in Resources */,
				787880D3303E8744004474C4 /* meditation_finished.wav in Resources */,
				E36187732D68B223000E326D /* Assets.xcassets in Resources */,
			);
			runOnlyForDeploymentPostprocessing = 0;
		};
/* End PBXResourcesBuildPhase section */

/* Begin PBXSourcesBuildPhase section */
		AA0000202026082100000004 /* Sources */ = {
			isa = PBXSourcesBuildPhase;
			buildActionMask = 2147483647;
			files = (
				AA0000202026082100000001 /* StreakTrackerTests.swift in Sources */,
				DD0000012026082800000005 /* CoreDataManagerTests.swift in Sources */,
				DD0000022026082800000006 /* CoreDataNoteDataSourceTests.swift in Sources */,
				DD0000032026082800000007 /* CoreDataSessionStoreTests.swift in Sources */,
				DD0000042026082800000008 /* CoreDataStreakStoreTests.swift in Sources */,
				E3F0F1A12E4600000000AB11 /* NoteManagerTests.swift in Sources */,
				E3F0F1A82E5B00000000AB23 /* MeditationEngineTests.swift in Sources */,
				ADCF424E00CF12AEB7374BEA /* MeditationViewModelTests.swift in Sources */,
				4DEA3FE741F1A4530712630B /* StreakReminderTests.swift in Sources */,
				AA00014120260902C00005 /* SoundSettingsTests.swift in Sources */,
				AA00000220260903C00008 /* AnimationSettingsTests.swift in Sources */,
				OB0100070000000000000007 /* OnboardingViewModelTests.swift in Sources */,
				CBD7ED78394EBA2ECBDB72A6 /* StreakInsightEngineTests.swift in Sources */,
				C14230B1AABCB77064DE1389 /* ReminderSettingsTests.swift in Sources */,
				E918FB33F6CC56F39066F7DA /* ReminderManagerTests.swift in Sources */,
			);
			runOnlyForDeploymentPostprocessing = 0;
		};
		E36187672D68B221000E326D /* Sources */ = {
			isa = PBXSourcesBuildPhase;
			buildActionMask = 2147483647;
			files = (
				AA0000012026082000000001 /* DailyActivity.swift in Sources */,
				AA0003112026082200000004 /* SearchQuery.swift in Sources */,
				AA0003012026082200000002 /* MeditationDuration.swift in Sources */,
				AA0000032026082000000002 /* MeditationSession.swift in Sources */,
				78DA4DAE3047B4A900A36E6A /* CustomTabBar.swift in Sources */,
				787880CD303E260F004474C4 /* BreathingPathView.swift in Sources */,
				AA0000072026082000000004 /* StreakTracker.swift in Sources */,
				AA0000222026082600A10002 /* SoundPlayer.swift in Sources */,
				AA00010120260902C00001 /* SoundSettings.swift in Sources */,
				AA0000092026082000000005 /* StreakHeaderView.swift in Sources */,
				AA000011202608200000000C /* DayCellView.swift in Sources */,
				AA00000B2026082000000006 /* StreakDetailView.swift in Sources */,
				E361878F2D68FF88000E326D /* MainViewModel.swift in Sources */,
				788956A6303208330001D509 /* MeditateButtonComponents.swift in Sources */,
				789B7B0A3010417D0082F0CB /* MainTheme.swift in Sources */,
				78215B573038AB5000DD8F99 /* DomainEvents.swift in Sources */,
				78215B553038AB4200DD8F99 /* NoteSyncCoordinator.swift in Sources */,
				E361876F2D68B221000E326D /* MeditateAndNoteApp.swift in Sources */,
				E3848D542E3BCAC4001BE8AB /* Meditation.swift in Sources */,
				E36164412E41050F00A5DCCF /* MeditationViewModel.swift in Sources */,
				E3F0F1A62E5B00000000AB21 /* MeditationSessionEngine.swift in Sources */,
				E34EE7682E3AFDCE0044CDC6 /* AppContainer.swift in Sources */,
				E320C3F32E2D1F67009452DD /* Config.swift in Sources */,
				E34D18AF2E426346004CCFA8 /* TimeMeditationSheet.swift in Sources */,
				E320C3F52E2DC691009452DD /* Deeplink.swift in Sources */,
				E320C3F72E2DC6D4009452DD /* DeepLinkParser.swift in Sources */,
				E320C3F12E2D1CD6009452DD /* Router.swift in Sources */,
				E361643F2E41048C00A5DCCF /* MeditationView.swift in Sources */,
				E398CE782EDE464000B96376 /* NoteManager.swift in Sources */,
				E3BAF8A62E293D340036E250 /* ReadingView.swift in Sources */,
				E3BAF8A92E2940380036E250 /* NavigationContainer.swift in Sources */,
				788513DE3033D35D0052F4BC /* FloatingToolbar.swift in Sources */,
				E36187862D68D0A5000E326D /* NoteCard.swift in Sources */,
				E36187892D68F928000E326D /* Extension+View.swift in Sources */,
				E35B6FBC2E44ECAF00B235AE /* ConcentricRing.swift in Sources */,
				E3848D502E3BC9A0001BE8AB /* NotesRepository.swift in Sources */,
				E36164432E410D3D00A5DCCF /* MeditationProgressView.swift in Sources */,
				E361877F2D68B373000E326D /* MainView.swift in Sources */,
				E36187812D68D021000E326D /* Note.swift in Sources */,
				78421A37302C1C4E001B52A6 /* ScrollDetector.swift in Sources */,
				E36D33912ED33DCC0048B6AC /* RootContainer.swift in Sources */,
				E32C6BC12ED9CD6D0093F735 /* SearchBar.swift in Sources */,
				E32C6BC32ED9CEBB0093F735 /* SearchState.swift in Sources */,
				788956A2303201A80001D509 /* ThemeManager.swift in Sources */,
				E3848D562E3BD098001BE8AB /* ContainerView.swift in Sources */,
				788513E03033D9250052F4BC /* NoteEditorView.swift in Sources */,
				E32C6BBF2ED9C6600093F735 /* NoteMenuViewModel.swift in Sources */,
				E389732D2D79191200A9A662 /* MeditateSelectViewModel.swift in Sources */,
				E32C6BBD2ED9C39F0093F735 /* NoteMenu.swift in Sources */,
				E320C3F92E2DC8E4009452DD /* Destination-ViewMapping.swift in Sources */,
				E36366292E3D0AB80026E810 /* MeditationCard.swift in Sources */,
				E320C3ED2E2D1AC9009452DD /* Destination.swift in Sources */,
				E389732B2D7918E700A9A662 /* MeditateSelectView.swift in Sources */,
				AA00012120260902C00003 /* SoundSettingsSheet.swift in Sources */,
				E34D18AD2E425A01004CCFA8 /* Breathing.swift in Sources */,
				788513DC3033D32C0052F4BC /* NoteEditorViewModel.swift in Sources */,
				E3FDF77C2ED0CE0F00ACD847 /* MeditationInfoScroll.swift in Sources */,
				E3848D522E3BCA7F001BE8AB /* MeditationService.swift in Sources */,
				CC0000012026082800000005 /* CoreDataManager.swift in Sources */,
				CC0000022026082800000006 /* CoreDataNoteDataSource.swift in Sources */,
				CC0000032026082800000007 /* CoreDataSessionStore.swift in Sources */,
				CC0000042026082800000008 /* CoreDataStreakStore.swift in Sources */,
				992C2F67A6302B0D79342F66 /* MeditationCompletionView.swift in Sources */,
				AA00000220260903C00002 /* BreathingAnimationStyle.swift in Sources */,
				AA00000220260903C00004 /* AnimationSettings.swift in Sources */,
				AA00000220260903C00006 /* SettingsView.swift in Sources */,
				OB0100010000000000000001 /* OnboardingView.swift in Sources */,
				OB0100020000000000000002 /* OnboardingPageView.swift in Sources */,
				OB0100030000000000000003 /* OnboardingViewModel.swift in Sources */,
				OB0100040000000000000004 /* OnboardingPageModel.swift in Sources */,
				OB0100050000000000000005 /* OnboardingCoordinator.swift in Sources */,
				OB0100060000000000000006 /* OnboardingStore.swift in Sources */,
				3221E85D880F3E3F3CC7D7E5 /* StreakInsightEngine.swift in Sources */,
				15FFC3DA90DB701D4E0E2632 /* StreakInsightManager.swift in Sources */,
				053967EF78BB7B14A4784118 /* StreakInsight.swift in Sources */,
				47C7FEEF91D17CEB73589285 /* InsightsViewModel.swift in Sources */,
				DC587FE4027CE73A16A27FD0 /* InsightsSection.swift in Sources */,
				8BF4C46227BAE479017286E0 /* WeekdayHeatmapView.swift in Sources */,
				3648450FC97396F2224840CD /* ReminderSettings.swift in Sources */,
				096B78E3E88B87EA5E3E59B7 /* UserDefaultsReminderSettingsStore.swift in Sources */,
				2FC28D69C78D5561F2B28F30 /* NotificationScheduling.swift in Sources */,
				1319DD5B5051A8A4C9C10470 /* ReminderManager.swift in Sources */,
				E2972A3FC4C853E0382811E2 /* ReminderSettingsSection.swift in Sources */,
			);
			runOnlyForDeploymentPostprocessing = 0;
		};
/* End PBXSourcesBuildPhase section */

/* Begin PBXTargetDependency section */
		AA0004302026082200000001 /* PBXTargetDependency */ = {
			isa = PBXTargetDependency;
			target = E361876A2D68B221000E326D /* MeditateAndNote */;
			targetProxy = AA0004202026082200000001 /* PBXContainerItemProxy */;
		};
/* End PBXTargetDependency section */

/* Begin XCBuildConfiguration section */
		AA0000202026082100000006 /* Debug */ = {
			isa = XCBuildConfiguration;
			buildSettings = {
				BUNDLE_LOADER = "$(TEST_HOST)";
				CODE_SIGN_STYLE = Automatic;
				CURRENT_PROJECT_VERSION = 1;
				GENERATE_INFOPLIST_FILE = YES;
				IPHONEOS_DEPLOYMENT_TARGET = 17.6;
				LD_RUNPATH_SEARCH_PATHS = (
					"$(inherited)",
					"@executable_path/Frameworks",
					"@loader_path/Frameworks",
				);
				PRODUCT_BUNDLE_IDENTIFIER = nazar.MeditateAndNoteTests;
				PRODUCT_NAME = "$(TARGET_NAME)";
				SUPPORTED_PLATFORMS = "iphoneos iphonesimulator";
				SUPPORTS_MACCATALYST = NO;
				SUPPORTS_MAC_DESIGNED_FOR_IPHONE_IPAD = NO;
				SUPPORTS_XR_DESIGNED_FOR_IPHONE_IPAD = NO;
				SWIFT_EMIT_LOC_STRINGS = NO;
				SWIFT_VERSION = 5.0;
				TARGETED_DEVICE_FAMILY = 1;
				TEST_HOST = "$(BUILT_PRODUCTS_DIR)/MeditateAndNote.app/$(BUNDLE_EXECUTABLE_FOLDER_PATH)/MeditateAndNote";
			};
			name = Debug;
		};
		AA0000202026082100000007 /* Release */ = {
			isa = XCBuildConfiguration;
			buildSettings = {
				BUNDLE_LOADER = "$(TEST_HOST)";
				CODE_SIGN_STYLE = Automatic;
				CURRENT_PROJECT_VERSION = 1;
				GENERATE_INFOPLIST_FILE = YES;
				IPHONEOS_DEPLOYMENT_TARGET = 17.6;
				LD_RUNPATH_SEARCH_PATHS = (
					"$(inherited)",
					"@executable_path/Frameworks",
					"@loader_path/Frameworks",
				);
				PRODUCT_BUNDLE_IDENTIFIER = nazar.MeditateAndNoteTests;
				PRODUCT_NAME = "$(TARGET_NAME)";
				SUPPORTED_PLATFORMS = "iphoneos iphonesimulator";
				SUPPORTS_MACCATALYST = NO;
				SUPPORTS_MAC_DESIGNED_FOR_IPHONE_IPAD = NO;
				SUPPORTS_XR_DESIGNED_FOR_IPHONE_IPAD = NO;
				SWIFT_EMIT_LOC_STRINGS = NO;
				SWIFT_VERSION = 5.0;
				TARGETED_DEVICE_FAMILY = 1;
				TEST_HOST = "$(BUILT_PRODUCTS_DIR)/MeditateAndNote.app/$(BUNDLE_EXECUTABLE_FOLDER_PATH)/MeditateAndNote";
			};
			name = Release;
		};
		E36187772D68B223000E326D /* Debug */ = {
			isa = XCBuildConfiguration;
			buildSettings = {
				ALWAYS_SEARCH_USER_PATHS = NO;
				CLANG_ANALYZER_NONNULL = YES;
				CLANG_ANALYZER_NUMBER_OBJECT_CONVERSION = YES_AGGRESSIVE;
				CLANG_CXX_LANGUAGE_STANDARD = "gnu++20";
				CLANG_ENABLE_MODULES = YES;
				CLANG_ENABLE_OBJC_ARC = YES;
				CLANG_ENABLE_OBJC_WEAK = YES;
				CLANG_WARN_BLOCK_CAPTURE_AUTORELEASING = YES;
				CLANG_WARN_BOOL_CONVERSION = YES;
				CLANG_WARN_COMMA = YES;
				CLANG_WARN_CONSTANT_CONVERSION = YES;
				CLANG_WARN_DEPRECATED_OBJC_IMPLEMENTATIONS = YES;
				CLANG_WARN_DIRECT_OBJC_ISA_USAGE = YES_ERROR;
				CLANG_WARN_DOCUMENTATION_COMMENTS = YES;
				CLANG_WARN_EMPTY_BODY = YES;
				CLANG_WARN_ENUM_CONVERSION = YES;
				CLANG_WARN_INFINITE_RECURSION = YES;
				CLANG_WARN_INT_CONVERSION = YES;
				CLANG_WARN_NON_LITERAL_NULL_CONVERSION = YES;
				CLANG_WARN_OBJC_IMPLICIT_RETAIN_SELF = YES;
				CLANG_WARN_OBJC_LITERAL_CONVERSION = YES;
				CLANG_WARN_OBJC_ROOT_CLASS = YES_ERROR;
				CLANG_WARN_QUOTED_INCLUDE_IN_FRAMEWORK_HEADER = YES;
				CLANG_WARN_RANGE_LOOP_ANALYSIS = YES;
				CLANG_WARN_STRICT_PROTOTYPES = YES;
				CLANG_WARN_SUSPICIOUS_MOVE = YES;
				CLANG_WARN_UNGUARDED_AVAILABILITY = YES_AGGRESSIVE;
				CLANG_WARN_UNREACHABLE_CODE = YES;
				CLANG_WARN__DUPLICATE_METHOD_MATCH = YES;
				COPY_PHASE_STRIP = NO;
				DEBUG_INFORMATION_FORMAT = dwarf;
				DEVELOPMENT_TEAM = 6XK3NFM9Y7;
				ENABLE_STRICT_OBJC_MSGSEND = YES;
				ENABLE_TESTABILITY = YES;
				ENABLE_USER_SCRIPT_SANDBOXING = YES;
				GCC_C_LANGUAGE_STANDARD = gnu11;
				GCC_DYNAMIC_NO_PIC = NO;
				GCC_NO_COMMON_BLOCKS = YES;
				GCC_OPTIMIZATION_LEVEL = 0;
				GCC_PREPROCESSOR_DEFINITIONS = (
					"DEBUG=1",
					"$(inherited)",
				);
				GCC_WARN_64_TO_32_BIT_CONVERSION = YES;
				GCC_WARN_ABOUT_RETURN_TYPE = YES_ERROR;
				GCC_WARN_UNDECLARED_SELECTOR = YES;
				GCC_WARN_UNINITIALIZED_AUTOS = YES_AGGRESSIVE;
				GCC_WARN_UNUSED_FUNCTION = YES;
				GCC_WARN_UNUSED_VARIABLE = YES;
				IPHONEOS_DEPLOYMENT_TARGET = 16.2;
				MTL_ENABLE_DEBUG_INFO = INCLUDE_SOURCE;
				MTL_FAST_MATH = YES;
				ONLY_ACTIVE_ARCH = YES;
				SDKROOT = iphoneos;
				STRING_CATALOG_GENERATE_SYMBOLS = YES;
				SWIFT_ACTIVE_COMPILATION_CONDITIONS = DEBUG;
				SWIFT_OPTIMIZATION_LEVEL = "-Onone";
			};
			name = Debug;
		};
		E36187782D68B223000E326D /* Release */ = {
			isa = XCBuildConfiguration;
			buildSettings = {
				ALWAYS_SEARCH_USER_PATHS = NO;
				CLANG_ANALYZER_NONNULL = YES;
				CLANG_ANALYZER_NUMBER_OBJECT_CONVERSION = YES_AGGRESSIVE;
				CLANG_CXX_LANGUAGE_STANDARD = "gnu++20";
				CLANG_ENABLE_MODULES = YES;
				CLANG_ENABLE_OBJC_ARC = YES;
				CLANG_ENABLE_OBJC_WEAK = YES;
				CLANG_WARN_BLOCK_CAPTURE_AUTORELEASING = YES;
				CLANG_WARN_BOOL_CONVERSION = YES;
				CLANG_WARN_COMMA = YES;
				CLANG_WARN_CONSTANT_CONVERSION = YES;
				CLANG_WARN_DEPRECATED_OBJC_IMPLEMENTATIONS = YES;
				CLANG_WARN_DIRECT_OBJC_ISA_USAGE = YES_ERROR;
				CLANG_WARN_DOCUMENTATION_COMMENTS = YES;
				CLANG_WARN_EMPTY_BODY = YES;
				CLANG_WARN_ENUM_CONVERSION = YES;
				CLANG_WARN_INFINITE_RECURSION = YES;
				CLANG_WARN_INT_CONVERSION = YES;
				CLANG_WARN_NON_LITERAL_NULL_CONVERSION = YES;
				CLANG_WARN_OBJC_IMPLICIT_RETAIN_SELF = YES;
				CLANG_WARN_OBJC_LITERAL_CONVERSION = YES;
				CLANG_WARN_OBJC_ROOT_CLASS = YES_ERROR;
				CLANG_WARN_QUOTED_INCLUDE_IN_FRAMEWORK_HEADER = YES;
				CLANG_WARN_RANGE_LOOP_ANALYSIS = YES;
				CLANG_WARN_STRICT_PROTOTYPES = YES;
				CLANG_WARN_SUSPICIOUS_MOVE = YES;
				CLANG_WARN_UNGUARDED_AVAILABILITY = YES_AGGRESSIVE;
				CLANG_WARN_UNREACHABLE_CODE = YES;
				CLANG_WARN__DUPLICATE_METHOD_MATCH = YES;
				COPY_PHASE_STRIP = NO;
				DEBUG_INFORMATION_FORMAT = "dwarf-with-dsym";
				DEVELOPMENT_TEAM = 6XK3NFM9Y7;
				ENABLE_NS_ASSERTIONS = NO;
				ENABLE_STRICT_OBJC_MSGSEND = YES;
				ENABLE_USER_SCRIPT_SANDBOXING = YES;
				GCC_C_LANGUAGE_STANDARD = gnu11;
				GCC_NO_COMMON_BLOCKS = YES;
				GCC_WARN_64_TO_32_BIT_CONVERSION = YES;
				GCC_WARN_ABOUT_RETURN_TYPE = YES_ERROR;
				GCC_WARN_UNDECLARED_SELECTOR = YES;
				GCC_WARN_UNINITIALIZED_AUTOS = YES_AGGRESSIVE;
				GCC_WARN_UNUSED_FUNCTION = YES;
				GCC_WARN_UNUSED_VARIABLE = YES;
				IPHONEOS_DEPLOYMENT_TARGET = 16.2;
				MTL_ENABLE_DEBUG_INFO = NO;
				MTL_FAST_MATH = YES;
				SDKROOT = iphoneos;
				STRING_CATALOG_GENERATE_SYMBOLS = YES;
				SWIFT_COMPILATION_MODE = wholemodule;
				SWIFT_OPTIMIZATION_LEVEL = "-O";
				VALIDATE_PRODUCT = YES;
			};
			name = Release;
		};
		E361877A2D68B223000E326D /* Debug */ = {
			isa = XCBuildConfiguration;
			buildSettings = {
				ASSETCATALOG_COMPILER_APPICON_NAME = AppIcon;
				ASSETCATALOG_COMPILER_GLOBAL_ACCENT_COLOR_NAME = AccentColor;
				CODE_SIGN_STYLE = Automatic;
				CURRENT_PROJECT_VERSION = 1;
				DEVELOPMENT_ASSET_PATHS = "\"MeditateAndNote/Preview Content\"";
				ENABLE_PREVIEWS = YES;
				GENERATE_INFOPLIST_FILE = YES;
				INFOPLIST_KEY_UIApplicationSceneManifest_Generation = YES;
				INFOPLIST_KEY_UIApplicationSupportsIndirectInputEvents = YES;
				INFOPLIST_KEY_UILaunchScreen_Generation = YES;
				INFOPLIST_KEY_UISupportedInterfaceOrientations_iPad = "UIInterfaceOrientationPortrait UIInterfaceOrientationPortraitUpsideDown UIInterfaceOrientationLandscapeLeft UIInterfaceOrientationLandscapeRight";
				INFOPLIST_KEY_UISupportedInterfaceOrientations_iPhone = "UIInterfaceOrientationPortrait UIInterfaceOrientationLandscapeLeft UIInterfaceOrientationLandscapeRight";
				IPHONEOS_DEPLOYMENT_TARGET = 17.6;
				LD_RUNPATH_SEARCH_PATHS = (
					"$(inherited)",
					"@executable_path/Frameworks",
				);
				MARKETING_VERSION = 1.0;
				PRODUCT_BUNDLE_IDENTIFIER = nazar.MeditateAndNote;
				PRODUCT_NAME = "$(TARGET_NAME)";
				SUPPORTED_PLATFORMS = "iphoneos iphonesimulator";
				SUPPORTS_MACCATALYST = NO;
				SUPPORTS_MAC_DESIGNED_FOR_IPHONE_IPAD = NO;
				SUPPORTS_XR_DESIGNED_FOR_IPHONE_IPAD = NO;
				SWIFT_EMIT_LOC_STRINGS = YES;
				SWIFT_VERSION = 5.0;
				TARGETED_DEVICE_FAMILY = 1;
			};
			name = Debug;
		};
		E361877B2D68B223000E326D /* Release */ = {
			isa = XCBuildConfiguration;
			buildSettings = {
				ASSETCATALOG_COMPILER_APPICON_NAME = AppIcon;
				ASSETCATALOG_COMPILER_GLOBAL_ACCENT_COLOR_NAME = AccentColor;
				CODE_SIGN_STYLE = Automatic;
				CURRENT_PROJECT_VERSION = 1;
				DEVELOPMENT_ASSET_PATHS = "\"MeditateAndNote/Preview Content\"";
				ENABLE_PREVIEWS = YES;
				GENERATE_INFOPLIST_FILE = YES;
				INFOPLIST_KEY_UIApplicationSceneManifest_Generation = YES;
				INFOPLIST_KEY_UIApplicationSupportsIndirectInputEvents = YES;
				INFOPLIST_KEY_UILaunchScreen_Generation = YES;
				INFOPLIST_KEY_UISupportedInterfaceOrientations_iPad = "UIInterfaceOrientationPortrait UIInterfaceOrientationPortraitUpsideDown UIInterfaceOrientationLandscapeLeft UIInterfaceOrientationLandscapeRight";
				INFOPLIST_KEY_UISupportedInterfaceOrientations_iPhone = "UIInterfaceOrientationPortrait UIInterfaceOrientationLandscapeLeft UIInterfaceOrientationLandscapeRight";
				IPHONEOS_DEPLOYMENT_TARGET = 17.6;
				LD_RUNPATH_SEARCH_PATHS = (
					"$(inherited)",
					"@executable_path/Frameworks",
				);
				MARKETING_VERSION = 1.0;
				PRODUCT_BUNDLE_IDENTIFIER = nazar.MeditateAndNote;
				PRODUCT_NAME = "$(TARGET_NAME)";
				SUPPORTED_PLATFORMS = "iphoneos iphonesimulator";
				SUPPORTS_MACCATALYST = NO;
				SUPPORTS_MAC_DESIGNED_FOR_IPHONE_IPAD = NO;
				SUPPORTS_XR_DESIGNED_FOR_IPHONE_IPAD = NO;
				SWIFT_EMIT_LOC_STRINGS = YES;
				SWIFT_VERSION = 5.0;
				TARGETED_DEVICE_FAMILY = 1;
			};
			name = Release;
		};
/* End XCBuildConfiguration section */

/* Begin XCConfigurationList section */
		AA0000202026082100000008 /* Build configuration list for PBXNativeTarget "MeditateAndNoteTests" */ = {
			isa = XCConfigurationList;
			buildConfigurations = (
				AA0000202026082100000006 /* Debug */,
				AA0000202026082100000007 /* Release */,
			);
			defaultConfigurationIsVisible = 0;
			defaultConfigurationName = Release;
		};
		E36187662D68B221000E326D /* Build configuration list for PBXProject "MeditateAndNote" */ = {
			isa = XCConfigurationList;
			buildConfigurations = (
				E36187772D68B223000E326D /* Debug */,
				E36187782D68B223000E326D /* Release */,
			);
			defaultConfigurationIsVisible = 0;
			defaultConfigurationName = Release;
		};
		E36187792D68B223000E326D /* Build configuration list for PBXNativeTarget "MeditateAndNote" */ = {
			isa = XCConfigurationList;
			buildConfigurations = (
				E361877A2D68B223000E326D /* Debug */,
				E361877B2D68B223000E326D /* Release */,
			);
			defaultConfigurationIsVisible = 0;
			defaultConfigurationName = Release;
		};
/* End XCConfigurationList section */
	};
	rootObject = E36187632D68B221000E326D /* Project object */;
}
