// !$*UTF8*$!
{
	archiveVersion = 1;
	classes = {
	};
	objectVersion = 56;
	objects = {

/* Begin PBXBuildFile section */
		E320C3ED2E2D1AC9009452DD /* Destination.swift in Sources */ = {isa = PBXBuildFile; fileRef = E320C3EC2E2D1AC9009452DD /* Destination.swift */; };
		E320C3EF2E2D1C12009452DD /* MeditateAndNoteDetails.swift in Sources */ = {isa = PBXBuildFile; fileRef = E320C3EE2E2D1C12009452DD /* MeditateAndNoteDetails.swift */; };
		E320C3F12E2D1CD6009452DD /* Router.swift in Sources */ = {isa = PBXBuildFile; fileRef = E320C3F02E2D1CD6009452DD /* Router.swift */; };
		E320C3F32E2D1F67009452DD /* Config.swift in Sources */ = {isa = PBXBuildFile; fileRef = E320C3F22E2D1F67009452DD /* Config.swift */; };
		E320C3F52E2DC691009452DD /* Deeplink.swift in Sources */ = {isa = PBXBuildFile; fileRef = E320C3F42E2DC691009452DD /* Deeplink.swift */; };
		E320C3F72E2DC6D4009452DD /* DeepLinkParser.swift in Sources */ = {isa = PBXBuildFile; fileRef = E320C3F62E2DC6D4009452DD /* DeepLinkParser.swift */; };
		E320C3F92E2DC8E4009452DD /* Destination-ViewMapping.swift in Sources */ = {isa = PBXBuildFile; fileRef = E320C3F82E2DC8E4009452DD /* Destination-ViewMapping.swift */; };
		E32E6CD12D7345CA008529D3 /* NoteCardsView.swift in Sources */ = {isa = PBXBuildFile; fileRef = E32E6CD02D7345CA008529D3 /* NoteCardsView.swift */; };
		E340C16D2D75066A004D3645 /* NoteView.swift in Sources */ = {isa = PBXBuildFile; fileRef = E340C16C2D75066A004D3645 /* NoteView.swift */; };
		E34D18AD2E425A01004CCFA8 /* Breathing.swift in Sources */ = {isa = PBXBuildFile; fileRef = E34D18AC2E425A01004CCFA8 /* Breathing.swift */; };
		E34D18AF2E426346004CCFA8 /* TimeMeditationSheet.swift in Sources */ = {isa = PBXBuildFile; fileRef = E34D18AE2E426346004CCFA8 /* TimeMeditationSheet.swift */; };
		E34EE7682E3AFDCE0044CDC6 /* AppContainer.swift in Sources */ = {isa = PBXBuildFile; fileRef = E34EE7672E3AFDCE0044CDC6 /* AppContainer.swift */; };
		E35B6FBC2E44ECAF00B235AE /* ConcentricRing.swift in Sources */ = {isa = PBXBuildFile; fileRef = E35B6FBB2E44ECAF00B235AE /* ConcentricRing.swift */; };
		E361643F2E41048C00A5DCCF /* MeditationView.swift in Sources */ = {isa = PBXBuildFile; fileRef = E361643E2E41048C00A5DCCF /* MeditationView.swift */; };
		E36164412E41050F00A5DCCF /* MeditationViewModel.swift in Sources */ = {isa = PBXBuildFile; fileRef = E36164402E41050F00A5DCCF /* MeditationViewModel.swift */; };
		E36164432E410D3D00A5DCCF /* MeditationProgressView.swift in Sources */ = {isa = PBXBuildFile; fileRef = E36164422E410D3D00A5DCCF /* MeditationProgressView.swift */; };
		E361876F2D68B221000E326D /* MeditateAndNoteApp.swift in Sources */ = {isa = PBXBuildFile; fileRef = E361876E2D68B221000E326D /* MeditateAndNoteApp.swift */; };
		E36187732D68B223000E326D /* Assets.xcassets in Resources */ = {isa = PBXBuildFile; fileRef = E36187722D68B223000E326D /* Assets.xcassets */; };
		E36187762D68B223000E326D /* Preview Assets.xcassets in Resources */ = {isa = PBXBuildFile; fileRef = E36187752D68B223000E326D /* Preview Assets.xcassets */; };
		E361877F2D68B373000E326D /* MainView.swift in Sources */ = {isa = PBXBuildFile; fileRef = E361877E2D68B373000E326D /* MainView.swift */; };
		E36187812D68D021000E326D /* Note.swift in Sources */ = {isa = PBXBuildFile; fileRef = E36187802D68D021000E326D /* Note.swift */; };
		E36187862D68D0A5000E326D /* NoteCard.swift in Sources */ = {isa = PBXBuildFile; fileRef = E36187852D68D0A5000E326D /* NoteCard.swift */; };
		E36187892D68F928000E326D /* Extension+View.swift in Sources */ = {isa = PBXBuildFile; fileRef = E36187882D68F928000E326D /* Extension+View.swift */; };
		E361878C2D68FEF3000E326D /* MockNotes.swift in Sources */ = {isa = PBXBuildFile; fileRef = E361878B2D68FEF3000E326D /* MockNotes.swift */; };
		E361878F2D68FF88000E326D /* MainViewModel.swift in Sources */ = {isa = PBXBuildFile; fileRef = E361878E2D68FF88000E326D /* MainViewModel.swift */; };
		E36187912D6902CE000E326D /* CloudParametersView.swift in Sources */ = {isa = PBXBuildFile; fileRef = E36187902D6902CE000E326D /* CloudParametersView.swift */; };
		E36366292E3D0AB80026E810 /* MeditationCard.swift in Sources */ = {isa = PBXBuildFile; fileRef = E36366282E3D0AB80026E810 /* MeditationCard.swift */; };
		E3848D502E3BC9A0001BE8AB /* NotesService.swift in Sources */ = {isa = PBXBuildFile; fileRef = E3848D4F2E3BC9A0001BE8AB /* NotesService.swift */; };
		E3848D522E3BCA7F001BE8AB /* MeditationService.swift in Sources */ = {isa = PBXBuildFile; fileRef = E3848D512E3BCA7F001BE8AB /* MeditationService.swift */; };
		E3848D542E3BCAC4001BE8AB /* Meditation.swift in Sources */ = {isa = PBXBuildFile; fileRef = E3848D532E3BCAC4001BE8AB /* Meditation.swift */; };
		E3848D562E3BD098001BE8AB /* ContainerView.swift in Sources */ = {isa = PBXBuildFile; fileRef = E3848D552E3BD098001BE8AB /* ContainerView.swift */; };
		E389732B2D7918E700A9A662 /* MeditateSelectView.swift in Sources */ = {isa = PBXBuildFile; fileRef = E389732A2D7918E700A9A662 /* MeditateSelectView.swift */; };
		E389732D2D79191200A9A662 /* MeditateSelectViewModel.swift in Sources */ = {isa = PBXBuildFile; fileRef = E389732C2D79191200A9A662 /* MeditateSelectViewModel.swift */; };
		E3BAF8A62E293D340036E250 /* ReadingView.swift in Sources */ = {isa = PBXBuildFile; fileRef = E3BAF8A52E293D340036E250 /* ReadingView.swift */; };
		E3BAF8A92E2940380036E250 /* NavigationContainer.swift in Sources */ = {isa = PBXBuildFile; fileRef = E3BAF8A82E2940380036E250 /* NavigationContainer.swift */; };
		E3FC3FC12D75C6FF00D6391D /* NoteViewModel.swift in Sources */ = {isa = PBXBuildFile; fileRef = E3FC3FC02D75C6FF00D6391D /* NoteViewModel.swift */; };
/* End PBXBuildFile section */

/* Begin PBXFileReference section */
		E320C3EC2E2D1AC9009452DD /* Destination.swift */ = {isa = PBXFileReference; lastKnownFileType = sourcecode.swift; path = Destination.swift; sourceTree = "<group>"; };
		E320C3EE2E2D1C12009452DD /* MeditateAndNoteDetails.swift */ = {isa = PBXFileReference; lastKnownFileType = sourcecode.swift; path = MeditateAndNoteDetails.swift; sourceTree = "<group>"; };
		E320C3F02E2D1CD6009452DD /* Router.swift */ = {isa = PBXFileReference; lastKnownFileType = sourcecode.swift; path = Router.swift; sourceTree = "<group>"; };
		E320C3F22E2D1F67009452DD /* Config.swift */ = {isa = PBXFileReference; lastKnownFileType = sourcecode.swift; path = Config.swift; sourceTree = "<group>"; };
		E320C3F42E2DC691009452DD /* Deeplink.swift */ = {isa = PBXFileReference; lastKnownFileType = sourcecode.swift; path = Deeplink.swift; sourceTree = "<group>"; };
		E320C3F62E2DC6D4009452DD /* DeepLinkParser.swift */ = {isa = PBXFileReference; lastKnownFileType = sourcecode.swift; path = DeepLinkParser.swift; sourceTree = "<group>"; };
		E320C3F82E2DC8E4009452DD /* Destination-ViewMapping.swift */ = {isa = PBXFileReference; lastKnownFileType = sourcecode.swift; path = "Destination-ViewMapping.swift"; sourceTree = "<group>"; };
		E32E6CD02D7345CA008529D3 /* NoteCardsView.swift */ = {isa = PBXFileReference; lastKnownFileType = sourcecode.swift; path = NoteCardsView.swift; sourceTree = "<group>"; };
		E340C16C2D75066A004D3645 /* NoteView.swift */ = {isa = PBXFileReference; lastKnownFileType = sourcecode.swift; path = NoteView.swift; sourceTree = "<group>"; };
		E34D18AC2E425A01004CCFA8 /* Breathing.swift */ = {isa = PBXFileReference; lastKnownFileType = sourcecode.swift; path = Breathing.swift; sourceTree = "<group>"; };
		E34D18AE2E426346004CCFA8 /* TimeMeditationSheet.swift */ = {isa = PBXFileReference; lastKnownFileType = sourcecode.swift; path = TimeMeditationSheet.swift; sourceTree = "<group>"; };
		E34EE7672E3AFDCE0044CDC6 /* AppContainer.swift */ = {isa = PBXFileReference; lastKnownFileType = sourcecode.swift; path = AppContainer.swift; sourceTree = "<group>"; };
		E35B6FBB2E44ECAF00B235AE /* ConcentricRing.swift */ = {isa = PBXFileReference; lastKnownFileType = sourcecode.swift; path = ConcentricRing.swift; sourceTree = "<group>"; };
		E361643E2E41048C00A5DCCF /* MeditationView.swift */ = {isa = PBXFileReference; lastKnownFileType = sourcecode.swift; path = MeditationView.swift; sourceTree = "<group>"; };
		E36164402E41050F00A5DCCF /* MeditationViewModel.swift */ = {isa = PBXFileReference; lastKnownFileType = sourcecode.swift; path = MeditationViewModel.swift; sourceTree = "<group>"; };
		E36164422E410D3D00A5DCCF /* MeditationProgressView.swift */ = {isa = PBXFileReference; lastKnownFileType = sourcecode.swift; path = MeditationProgressView.swift; sourceTree = "<group>"; };
		E361876B2D68B221000E326D /* MeditateAndNote.app */ = {isa = PBXFileReference; explicitFileType = wrapper.application; includeInIndex = 0; path = MeditateAndNote.app; sourceTree = BUILT_PRODUCTS_DIR; };
		E361876E2D68B221000E326D /* MeditateAndNoteApp.swift */ = {isa = PBXFileReference; lastKnownFileType = sourcecode.swift; path = MeditateAndNoteApp.swift; sourceTree = "<group>"; };
		E36187722D68B223000E326D /* Assets.xcassets */ = {isa = PBXFileReference; lastKnownFileType = folder.assetcatalog; path = Assets.xcassets; sourceTree = "<group>"; };
		E36187752D68B223000E326D /* Preview Assets.xcassets */ = {isa = PBXFileReference; lastKnownFileType = folder.assetcatalog; path = "Preview Assets.xcassets"; sourceTree = "<group>"; };
		E361877E2D68B373000E326D /* MainView.swift */ = {isa = PBXFileReference; lastKnownFileType = sourcecode.swift; path = MainView.swift; sourceTree = "<group>"; };
		E36187802D68D021000E326D /* Note.swift */ = {isa = PBXFileReference; lastKnownFileType = sourcecode.swift; path = Note.swift; sourceTree = "<group>"; };
		E36187852D68D0A5000E326D /* NoteCard.swift */ = {isa = PBXFileReference; lastKnownFileType = sourcecode.swift; path = NoteCard.swift; sourceTree = "<group>"; };
		E36187882D68F928000E326D /* Extension+View.swift */ = {isa = PBXFileReference; lastKnownFileType = sourcecode.swift; path = "Extension+View.swift"; sourceTree = "<group>"; };
		E361878B2D68FEF3000E326D /* MockNotes.swift */ = {isa = PBXFileReference; lastKnownFileType = sourcecode.swift; path = MockNotes.swift; sourceTree = "<group>"; };
		E361878E2D68FF88000E326D /* MainViewModel.swift */ = {isa = PBXFileReference; lastKnownFileType = sourcecode.swift; path = MainViewModel.swift; sourceTree = "<group>"; };
		E36187902D6902CE000E326D /* CloudParametersView.swift */ = {isa = PBXFileReference; lastKnownFileType = sourcecode.swift; path = CloudParametersView.swift; sourceTree = "<group>"; };
		E36366282E3D0AB80026E810 /* MeditationCard.swift */ = {isa = PBXFileReference; lastKnownFileType = sourcecode.swift; path = MeditationCard.swift; sourceTree = "<group>"; };
		E3848D4F2E3BC9A0001BE8AB /* NotesService.swift */ = {isa = PBXFileReference; lastKnownFileType = sourcecode.swift; path = NotesService.swift; sourceTree = "<group>"; };
		E3848D512E3BCA7F001BE8AB /* MeditationService.swift */ = {isa = PBXFileReference; lastKnownFileType = sourcecode.swift; path = MeditationService.swift; sourceTree = "<group>"; };
		E3848D532E3BCAC4001BE8AB /* Meditation.swift */ = {isa = PBXFileReference; lastKnownFileType = sourcecode.swift; path = Meditation.swift; sourceTree = "<group>"; };
		E3848D552E3BD098001BE8AB /* ContainerView.swift */ = {isa = PBXFileReference; lastKnownFileType = sourcecode.swift; path = ContainerView.swift; sourceTree = "<group>"; };
		E389732A2D7918E700A9A662 /* MeditateSelectView.swift */ = {isa = PBXFileReference; lastKnownFileType = sourcecode.swift; path = MeditateSelectView.swift; sourceTree = "<group>"; };
		E389732C2D79191200A9A662 /* MeditateSelectViewModel.swift */ = {isa = PBXFileReference; lastKnownFileType = sourcecode.swift; path = MeditateSelectViewModel.swift; sourceTree = "<group>"; };
		E3BAF8A52E293D340036E250 /* ReadingView.swift */ = {isa = PBXFileReference; lastKnownFileType = sourcecode.swift; path = ReadingView.swift; sourceTree = "<group>"; };
		E3BAF8A82E2940380036E250 /* NavigationContainer.swift */ = {isa = PBXFileReference; lastKnownFileType = sourcecode.swift; path = NavigationContainer.swift; sourceTree = "<group>"; };
		E3FC3FC02D75C6FF00D6391D /* NoteViewModel.swift */ = {isa = PBXFileReference; lastKnownFileType = sourcecode.swift; path = NoteViewModel.swift; sourceTree = "<group>"; };
/* End PBXFileReference section */

/* Begin PBXFrameworksBuildPhase section */
		E36187682D68B221000E326D /* Frameworks */ = {
			isa = PBXFrameworksBuildPhase;
			buildActionMask = 2147483647;
			files = (
			);
			runOnlyForDeploymentPostprocessing = 0;
		};
/* End PBXFrameworksBuildPhase section */

/* Begin PBXGroup section */
		E34D18AB2E424CEE004CCFA8 /* Meditation */ = {
			isa = PBXGroup;
			children = (
				E361643E2E41048C00A5DCCF /* MeditationView.swift */,
				E35B6FBB2E44ECAF00B235AE /* ConcentricRing.swift */,
				E36164422E410D3D00A5DCCF /* MeditationProgressView.swift */,
				E34D18AE2E426346004CCFA8 /* TimeMeditationSheet.swift */,
			);
			path = Meditation;
			sourceTree = "<group>";
		};
		E34EE7662E3AFD0F0044CDC6 /* AppContainer */ = {
			isa = PBXGroup;
			children = (
				E34EE7672E3AFDCE0044CDC6 /* AppContainer.swift */,
				E3848D552E3BD098001BE8AB /* ContainerView.swift */,
			);
			path = AppContainer;
			sourceTree = "<group>";
		};
		E36187622D68B221000E326D = {
			isa = PBXGroup;
			children = (
				E361876D2D68B221000E326D /* MeditateAndNote */,
				E361876C2D68B221000E326D /* Products */,
			);
			sourceTree = "<group>";
		};
		E361876C2D68B221000E326D /* Products */ = {
			isa = PBXGroup;
			children = (
				E361876B2D68B221000E326D /* MeditateAndNote.app */,
			);
			name = Products;
			sourceTree = "<group>";
		};
		E361876D2D68B221000E326D /* MeditateAndNote */ = {
			isa = PBXGroup;
			children = (
				E3848D4E2E3BC984001BE8AB /* Services */,
				E34EE7662E3AFD0F0044CDC6 /* AppContainer */,
				E3BAF8A72E2940120036E250 /* Navigation */,
				E36187872D68F901000E326D /* Extensions */,
				E361878D2D68FF37000E326D /* ViewModels */,
				E36187832D68D05C000E326D /* Views */,
				E36187822D68D04E000E326D /* Models */,
				E361878A2D68FED6000E326D /* Mock */,
				E361876E2D68B221000E326D /* MeditateAndNoteApp.swift */,
				E36187722D68B223000E326D /* Assets.xcassets */,
				E36187742D68B223000E326D /* Preview Content */,
			);
			path = MeditateAndNote;
			sourceTree = "<group>";
		};
		E36187742D68B223000E326D /* Preview Content */ = {
			isa = PBXGroup;
			children = (
				E36187752D68B223000E326D /* Preview Assets.xcassets */,
			);
			path = "Preview Content";
			sourceTree = "<group>";
		};
		E36187822D68D04E000E326D /* Models */ = {
			isa = PBXGroup;
			children = (
				E36187802D68D021000E326D /* Note.swift */,
				E3848D532E3BCAC4001BE8AB /* Meditation.swift */,
				E34D18AC2E425A01004CCFA8 /* Breathing.swift */,
			);
			path = Models;
			sourceTree = "<group>";
		};
		E36187832D68D05C000E326D /* Views */ = {
			isa = PBXGroup;
			children = (
				E361877E2D68B373000E326D /* MainView.swift */,
				E34D18AB2E424CEE004CCFA8 /* Meditation */,
				E389732A2D7918E700A9A662 /* MeditateSelectView.swift */,
				E36366282E3D0AB80026E810 /* MeditationCard.swift */,
				E340C16C2D75066A004D3645 /* NoteView.swift */,
				E3BAF8A52E293D340036E250 /* ReadingView.swift */,
				E36187842D68D087000E326D /* Components */,
			);
			path = Views;
			sourceTree = "<group>";
		};
		E36187842D68D087000E326D /* Components */ = {
			isa = PBXGroup;
			children = (
				E36187852D68D0A5000E326D /* NoteCard.swift */,
				E32E6CD02D7345CA008529D3 /* NoteCardsView.swift */,
				E36187902D6902CE000E326D /* CloudParametersView.swift */,
			);
			path = Components;
			sourceTree = "<group>";
		};
		E36187872D68F901000E326D /* Extensions */ = {
			isa = PBXGroup;
			children = (
				E36187882D68F928000E326D /* Extension+View.swift */,
			);
			path = Extensions;
			sourceTree = "<group>";
		};
		E361878A2D68FED6000E326D /* Mock */ = {
			isa = PBXGroup;
			children = (
				E361878B2D68FEF3000E326D /* MockNotes.swift */,
			);
			path = Mock;
			sourceTree = "<group>";
		};
		E361878D2D68FF37000E326D /* ViewModels */ = {
			isa = PBXGroup;
			children = (
				E361878E2D68FF88000E326D /* MainViewModel.swift */,
				E3FC3FC02D75C6FF00D6391D /* NoteViewModel.swift */,
				E389732C2D79191200A9A662 /* MeditateSelectViewModel.swift */,
				E36164402E41050F00A5DCCF /* MeditationViewModel.swift */,
			);
			path = ViewModels;
			sourceTree = "<group>";
		};
		E3848D4E2E3BC984001BE8AB /* Services */ = {
			isa = PBXGroup;
			children = (
				E3848D4F2E3BC9A0001BE8AB /* NotesService.swift */,
				E3848D512E3BCA7F001BE8AB /* MeditationService.swift */,
			);
			path = Services;
			sourceTree = "<group>";
		};
		E3BAF8A72E2940120036E250 /* Navigation */ = {
			isa = PBXGroup;
			children = (
				E3BAF8A82E2940380036E250 /* NavigationContainer.swift */,
				E320C3EC2E2D1AC9009452DD /* Destination.swift */,
				E320C3F82E2DC8E4009452DD /* Destination-ViewMapping.swift */,
				E320C3F02E2D1CD6009452DD /* Router.swift */,
				E320C3EE2E2D1C12009452DD /* MeditateAndNoteDetails.swift */,
				E320C3F22E2D1F67009452DD /* Config.swift */,
				E320C3F42E2DC691009452DD /* Deeplink.swift */,
				E320C3F62E2DC6D4009452DD /* DeepLinkParser.swift */,
			);
			path = Navigation;
			sourceTree = "<group>";
		};
/* End PBXGroup section */

/* Begin PBXNativeTarget section */
		E361876A2D68B221000E326D /* MeditateAndNote */ = {
			isa = PBXNativeTarget;
			buildConfigurationList = E36187792D68B223000E326D /* Build configuration list for PBXNativeTarget "MeditateAndNote" */;
			buildPhases = (
				E36187672D68B221000E326D /* Sources */,
				E36187682D68B221000E326D /* Frameworks */,
				E36187692D68B221000E326D /* Resources */,
			);
			buildRules = (
			);
			dependencies = (
			);
			name = MeditateAndNote;
			productName = MeditateAndNote;
			productReference = E361876B2D68B221000E326D /* MeditateAndNote.app */;
			productType = "com.apple.product-type.application";
		};
/* End PBXNativeTarget section */

/* Begin PBXProject section */
		E36187632D68B221000E326D /* Project object */ = {
			isa = PBXProject;
			attributes = {
				BuildIndependentTargetsInParallel = 1;
				LastSwiftUpdateCheck = 1420;
				LastUpgradeCheck = 1420;
				TargetAttributes = {
					E361876A2D68B221000E326D = {
						CreatedOnToolsVersion = 14.2;
					};
				};
			};
			buildConfigurationList = E36187662D68B221000E326D /* Build configuration list for PBXProject "MeditateAndNote" */;
			compatibilityVersion = "Xcode 14.0";
			developmentRegion = en;
			hasScannedForEncodings = 0;
			knownRegions = (
				en,
				Base,
			);
			mainGroup = E36187622D68B221000E326D;
			productRefGroup = E361876C2D68B221000E326D /* Products */;
			projectDirPath = "";
			projectRoot = "";
			targets = (
				E361876A2D68B221000E326D /* MeditateAndNote */,
			);
		};
/* End PBXProject section */

/* Begin PBXResourcesBuildPhase section */
		E36187692D68B221000E326D /* Resources */ = {
			isa = PBXResourcesBuildPhase;
			buildActionMask = 2147483647;
			files = (
				E36187762D68B223000E326D /* Preview Assets.xcassets in Resources */,
				E36187732D68B223000E326D /* Assets.xcassets in Resources */,
			);
			runOnlyForDeploymentPostprocessing = 0;
		};
/* End PBXResourcesBuildPhase section */

/* Begin PBXSourcesBuildPhase section */
		E36187672D68B221000E326D /* Sources */ = {
			isa = PBXSourcesBuildPhase;
			buildActionMask = 2147483647;
			files = (
				E361878F2D68FF88000E326D /* MainViewModel.swift in Sources */,
				E320C3EF2E2D1C12009452DD /* MeditateAndNoteDetails.swift in Sources */,
				E361876F2D68B221000E326D /* MeditateAndNoteApp.swift in Sources */,
				E3848D542E3BCAC4001BE8AB /* Meditation.swift in Sources */,
				E36164412E41050F00A5DCCF /* MeditationViewModel.swift in Sources */,
				E34EE7682E3AFDCE0044CDC6 /* AppContainer.swift in Sources */,
				E3FC3FC12D75C6FF00D6391D /* NoteViewModel.swift in Sources */,
				E320C3F32E2D1F67009452DD /* Config.swift in Sources */,
				E34D18AF2E426346004CCFA8 /* TimeMeditationSheet.swift in Sources */,
				E320C3F52E2DC691009452DD /* Deeplink.swift in Sources */,
				E320C3F72E2DC6D4009452DD /* DeepLinkParser.swift in Sources */,
				E320C3F12E2D1CD6009452DD /* Router.swift in Sources */,
				E361643F2E41048C00A5DCCF /* MeditationView.swift in Sources */,
				E32E6CD12D7345CA008529D3 /* NoteCardsView.swift in Sources */,
				E36187912D6902CE000E326D /* CloudParametersView.swift in Sources */,
				E3BAF8A62E293D340036E250 /* ReadingView.swift in Sources */,
				E3BAF8A92E2940380036E250 /* NavigationContainer.swift in Sources */,
				E36187862D68D0A5000E326D /* NoteCard.swift in Sources */,
				E36187892D68F928000E326D /* Extension+View.swift in Sources */,
				E35B6FBC2E44ECAF00B235AE /* ConcentricRing.swift in Sources */,
				E3848D502E3BC9A0001BE8AB /* NotesService.swift in Sources */,
				E340C16D2D75066A004D3645 /* NoteView.swift in Sources */,
				E36164432E410D3D00A5DCCF /* MeditationProgressView.swift in Sources */,
				E361877F2D68B373000E326D /* MainView.swift in Sources */,
				E36187812D68D021000E326D /* Note.swift in Sources */,
				E3848D562E3BD098001BE8AB /* ContainerView.swift in Sources */,
				E389732D2D79191200A9A662 /* MeditateSelectViewModel.swift in Sources */,
				E320C3F92E2DC8E4009452DD /* Destination-ViewMapping.swift in Sources */,
				E36366292E3D0AB80026E810 /* MeditationCard.swift in Sources */,
				E361878C2D68FEF3000E326D /* MockNotes.swift in Sources */,
				E320C3ED2E2D1AC9009452DD /* Destination.swift in Sources */,
				E389732B2D7918E700A9A662 /* MeditateSelectView.swift in Sources */,
				E34D18AD2E425A01004CCFA8 /* Breathing.swift in Sources */,
				E3848D522E3BCA7F001BE8AB /* MeditationService.swift in Sources */,
			);
			runOnlyForDeploymentPostprocessing = 0;
		};
/* End PBXSourcesBuildPhase section */

/* Begin XCBuildConfiguration section */
		E36187772D68B223000E326D /* Debug */ = {
			isa = XCBuildConfiguration;
			buildSettings = {
				ALWAYS_SEARCH_USER_PATHS = NO;
				CLANG_ANALYZER_NONNULL = YES;
				CLANG_ANALYZER_NUMBER_OBJECT_CONVERSION = YES_AGGRESSIVE;
				CLANG_CXX_LANGUAGE_STANDARD = "gnu++20";
				CLANG_ENABLE_MODULES = YES;
				CLANG_ENABLE_OBJC_ARC = YES;
				CLANG_ENABLE_OBJC_WEAK = YES;
				CLANG_WARN_BLOCK_CAPTURE_AUTORELEASING = YES;
				CLANG_WARN_BOOL_CONVERSION = YES;
				CLANG_WARN_COMMA = YES;
				CLANG_WARN_CONSTANT_CONVERSION = YES;
				CLANG_WARN_DEPRECATED_OBJC_IMPLEMENTATIONS = YES;
				CLANG_WARN_DIRECT_OBJC_ISA_USAGE = YES_ERROR;
				CLANG_WARN_DOCUMENTATION_COMMENTS = YES;
				CLANG_WARN_EMPTY_BODY = YES;
				CLANG_WARN_ENUM_CONVERSION = YES;
				CLANG_WARN_INFINITE_RECURSION = YES;
				CLANG_WARN_INT_CONVERSION = YES;
				CLANG_WARN_NON_LITERAL_NULL_CONVERSION = YES;
				CLANG_WARN_OBJC_IMPLICIT_RETAIN_SELF = YES;
				CLANG_WARN_OBJC_LITERAL_CONVERSION = YES;
				CLANG_WARN_OBJC_ROOT_CLASS = YES_ERROR;
				CLANG_WARN_QUOTED_INCLUDE_IN_FRAMEWORK_HEADER = YES;
				CLANG_WARN_RANGE_LOOP_ANALYSIS = YES;
				CLANG_WARN_STRICT_PROTOTYPES = YES;
				CLANG_WARN_SUSPICIOUS_MOVE = YES;
				CLANG_WARN_UNGUARDED_AVAILABILITY = YES_AGGRESSIVE;
				CLANG_WARN_UNREACHABLE_CODE = YES;
				CLANG_WARN__DUPLICATE_METHOD_MATCH = YES;
				COPY_PHASE_STRIP = NO;
				DEBUG_INFORMATION_FORMAT = dwarf;
				ENABLE_STRICT_OBJC_MSGSEND = YES;
				ENABLE_TESTABILITY = YES;
				GCC_C_LANGUAGE_STANDARD = gnu11;
				GCC_DYNAMIC_NO_PIC = NO;
				GCC_NO_COMMON_BLOCKS = YES;
				GCC_OPTIMIZATION_LEVEL = 0;
				GCC_PREPROCESSOR_DEFINITIONS = (
					"DEBUG=1",
					"$(inherited)",
				);
				GCC_WARN_64_TO_32_BIT_CONVERSION = YES;
				GCC_WARN_ABOUT_RETURN_TYPE = YES_ERROR;
				GCC_WARN_UNDECLARED_SELECTOR = YES;
				GCC_WARN_UNINITIALIZED_AUTOS = YES_AGGRESSIVE;
				GCC_WARN_UNUSED_FUNCTION = YES;
				GCC_WARN_UNUSED_VARIABLE = YES;
				IPHONEOS_DEPLOYMENT_TARGET = 16.2;
				MTL_ENABLE_DEBUG_INFO = INCLUDE_SOURCE;
				MTL_FAST_MATH = YES;
				ONLY_ACTIVE_ARCH = YES;
				SDKROOT = iphoneos;
				SWIFT_ACTIVE_COMPILATION_CONDITIONS = DEBUG;
				SWIFT_OPTIMIZATION_LEVEL = "-Onone";
			};
			name = Debug;
		};
		E36187782D68B223000E326D /* Release */ = {
			isa = XCBuildConfiguration;
			buildSettings = {
				ALWAYS_SEARCH_USER_PATHS = NO;
				CLANG_ANALYZER_NONNULL = YES;
				CLANG_ANALYZER_NUMBER_OBJECT_CONVERSION = YES_AGGRESSIVE;
				CLANG_CXX_LANGUAGE_STANDARD = "gnu++20";
				CLANG_ENABLE_MODULES = YES;
				CLANG_ENABLE_OBJC_ARC = YES;
				CLANG_ENABLE_OBJC_WEAK = YES;
				CLANG_WARN_BLOCK_CAPTURE_AUTORELEASING = YES;
				CLANG_WARN_BOOL_CONVERSION = YES;
				CLANG_WARN_COMMA = YES;
				CLANG_WARN_CONSTANT_CONVERSION = YES;
				CLANG_WARN_DEPRECATED_OBJC_IMPLEMENTATIONS = YES;
				CLANG_WARN_DIRECT_OBJC_ISA_USAGE = YES_ERROR;
				CLANG_WARN_DOCUMENTATION_COMMENTS = YES;
				CLANG_WARN_EMPTY_BODY = YES;
				CLANG_WARN_ENUM_CONVERSION = YES;
				CLANG_WARN_INFINITE_RECURSION = YES;
				CLANG_WARN_INT_CONVERSION = YES;
				CLANG_WARN_NON_LITERAL_NULL_CONVERSION = YES;
				CLANG_WARN_OBJC_IMPLICIT_RETAIN_SELF = YES;
				CLANG_WARN_OBJC_LITERAL_CONVERSION = YES;
				CLANG_WARN_OBJC_ROOT_CLASS = YES_ERROR;
				CLANG_WARN_QUOTED_INCLUDE_IN_FRAMEWORK_HEADER = YES;
				CLANG_WARN_RANGE_LOOP_ANALYSIS = YES;
				CLANG_WARN_STRICT_PROTOTYPES = YES;
				CLANG_WARN_SUSPICIOUS_MOVE = YES;
				CLANG_WARN_UNGUARDED_AVAILABILITY = YES_AGGRESSIVE;
				CLANG_WARN_UNREACHABLE_CODE = YES;
				CLANG_WARN__DUPLICATE_METHOD_MATCH = YES;
				COPY_PHASE_STRIP = NO;
				DEBUG_INFORMATION_FORMAT = "dwarf-with-dsym";
				ENABLE_NS_ASSERTIONS = NO;
				ENABLE_STRICT_OBJC_MSGSEND = YES;
				GCC_C_LANGUAGE_STANDARD = gnu11;
				GCC_NO_COMMON_BLOCKS = YES;
				GCC_WARN_64_TO_32_BIT_CONVERSION = YES;
				GCC_WARN_ABOUT_RETURN_TYPE = YES_ERROR;
				GCC_WARN_UNDECLARED_SELECTOR = YES;
				GCC_WARN_UNINITIALIZED_AUTOS = YES_AGGRESSIVE;
				GCC_WARN_UNUSED_FUNCTION = YES;
				GCC_WARN_UNUSED_VARIABLE = YES;
				IPHONEOS_DEPLOYMENT_TARGET = 16.2;
				MTL_ENABLE_DEBUG_INFO = NO;
				MTL_FAST_MATH = YES;
				SDKROOT = iphoneos;
				SWIFT_COMPILATION_MODE = wholemodule;
				SWIFT_OPTIMIZATION_LEVEL = "-O";
				VALIDATE_PRODUCT = YES;
			};
			name = Release;
		};
		E361877A2D68B223000E326D /* Debug */ = {
			isa = XCBuildConfiguration;
			buildSettings = {
				ASSETCATALOG_COMPILER_APPICON_NAME = AppIcon;
				ASSETCATALOG_COMPILER_GLOBAL_ACCENT_COLOR_NAME = AccentColor;
				CODE_SIGN_STYLE = Automatic;
				CURRENT_PROJECT_VERSION = 1;
				DEVELOPMENT_ASSET_PATHS = "\"MeditateAndNote/Preview Content\"";
				DEVELOPMENT_TEAM = 6XK3NFM9Y7;
				ENABLE_PREVIEWS = YES;
				GENERATE_INFOPLIST_FILE = YES;
				INFOPLIST_KEY_UIApplicationSceneManifest_Generation = YES;
				INFOPLIST_KEY_UIApplicationSupportsIndirectInputEvents = YES;
				INFOPLIST_KEY_UILaunchScreen_Generation = YES;
				INFOPLIST_KEY_UISupportedInterfaceOrientations_iPad = "UIInterfaceOrientationPortrait UIInterfaceOrientationPortraitUpsideDown UIInterfaceOrientationLandscapeLeft UIInterfaceOrientationLandscapeRight";
				INFOPLIST_KEY_UISupportedInterfaceOrientations_iPhone = "UIInterfaceOrientationPortrait UIInterfaceOrientationLandscapeLeft UIInterfaceOrientationLandscapeRight";
				LD_RUNPATH_SEARCH_PATHS = (
					"$(inherited)",
					"@executable_path/Frameworks",
				);
				MARKETING_VERSION = 1.0;
				PRODUCT_BUNDLE_IDENTIFIER = nazar.MeditateAndNote;
				PRODUCT_NAME = "$(TARGET_NAME)";
				SWIFT_EMIT_LOC_STRINGS = YES;
				SWIFT_VERSION = 5.0;
				TARGETED_DEVICE_FAMILY = "1,2";
			};
			name = Debug;
		};
		E361877B2D68B223000E326D /* Release */ = {
			isa = XCBuildConfiguration;
			buildSettings = {
				ASSETCATALOG_COMPILER_APPICON_NAME = AppIcon;
				ASSETCATALOG_COMPILER_GLOBAL_ACCENT_COLOR_NAME = AccentColor;
				CODE_SIGN_STYLE = Automatic;
				CURRENT_PROJECT_VERSION = 1;
				DEVELOPMENT_ASSET_PATHS = "\"MeditateAndNote/Preview Content\"";
				DEVELOPMENT_TEAM = 6XK3NFM9Y7;
				ENABLE_PREVIEWS = YES;
				GENERATE_INFOPLIST_FILE = YES;
				INFOPLIST_KEY_UIApplicationSceneManifest_Generation = YES;
				INFOPLIST_KEY_UIApplicationSupportsIndirectInputEvents = YES;
				INFOPLIST_KEY_UILaunchScreen_Generation = YES;
				INFOPLIST_KEY_UISupportedInterfaceOrientations_iPad = "UIInterfaceOrientationPortrait UIInterfaceOrientationPortraitUpsideDown UIInterfaceOrientationLandscapeLeft UIInterfaceOrientationLandscapeRight";
				INFOPLIST_KEY_UISupportedInterfaceOrientations_iPhone = "UIInterfaceOrientationPortrait UIInterfaceOrientationLandscapeLeft UIInterfaceOrientationLandscapeRight";
				LD_RUNPATH_SEARCH_PATHS = (
					"$(inherited)",
					"@executable_path/Frameworks",
				);
				MARKETING_VERSION = 1.0;
				PRODUCT_BUNDLE_IDENTIFIER = nazar.MeditateAndNote;
				PRODUCT_NAME = "$(TARGET_NAME)";
				SWIFT_EMIT_LOC_STRINGS = YES;
				SWIFT_VERSION = 5.0;
				TARGETED_DEVICE_FAMILY = "1,2";
			};
			name = Release;
		};
/* End XCBuildConfiguration section */

/* Begin XCConfigurationList section */
		E36187662D68B221000E326D /* Build configuration list for PBXProject "MeditateAndNote" */ = {
			isa = XCConfigurationList;
			buildConfigurations = (
				E36187772D68B223000E326D /* Debug */,
				E36187782D68B223000E326D /* Release */,
			);
			defaultConfigurationIsVisible = 0;
			defaultConfigurationName = Release;
		};
		E36187792D68B223000E326D /* Build configuration list for PBXNativeTarget "MeditateAndNote" */ = {
			isa = XCConfigurationList;
			buildConfigurations = (
				E361877A2D68B223000E326D /* Debug */,
				E361877B2D68B223000E326D /* Release */,
			);
			defaultConfigurationIsVisible = 0;
			defaultConfigurationName = Release;
		};
/* End XCConfigurationList section */
	};
	rootObject = E36187632D68B221000E326D /* Project object */;
}
